{
  "version": 4,
  "terraform_version": "1.14.3",
  "serial": 203,
  "lineage": "2e84310b-802f-1d3a-332f-2302bdc568bc",
  "outputs": {
    "artifact_registry_docker_hostname": {
      "value": "us-central1-docker.pkg.dev",
      "type": "string"
    },
    "artifact_registry_full_path": {
      "value": "us-central1-docker.pkg.dev/edupulse-483220/edupulse",
      "type": "string"
    },
    "artifact_registry_repository_id": {
      "value": "edupulse",
      "type": "string"
    },
    "artifact_registry_repository_url": {
      "value": "us-central1-docker.pkg.dev/edupulse-483220/edupulse",
      "type": "string"
    },
    "cloud_run_service_names": {
      "value": [
        "engagement-service",
        "quiz-service"
      ],
      "type": [
        "tuple",
        [
          "string",
          "string"
        ]
      ]
    },
    "cloud_run_service_urls": {
      "value": {
        "engagement-service": "https://engagement-service-r76opvru7a-uc.a.run.app",
        "quiz-service": "https://quiz-service-r76opvru7a-uc.a.run.app"
      },
      "type": [
        "object",
        {
          "engagement-service": "string",
          "quiz-service": "string"
        }
      ]
    },
    "cloud_run_services": {
      "value": {
        "engagement-service": {
          "allow_public": true,
          "cpu": "1000m",
          "image": "us-central1-docker.pkg.dev/edupulse-483220/edupulse/engagement-service:latest",
          "ingress": "INGRESS_TRAFFIC_ALL",
          "latest_revision": "projects/edupulse-483220/locations/us-central1/services/engagement-service/revisions/engagement-service-00001-p2b",
          "location": "us-central1",
          "max_instances": 10,
          "memory": "1Gi",
          "min_instances": 0,
          "name": "engagement-service",
          "service_account": "engagement-service-sa@edupulse-483220.iam.gserviceaccount.com",
          "url": "https://engagement-service-r76opvru7a-uc.a.run.app"
        },
        "quiz-service": {
          "allow_public": true,
          "cpu": "1000m",
          "image": "us-central1-docker.pkg.dev/edupulse-483220/edupulse/quiz-service:latest",
          "ingress": "INGRESS_TRAFFIC_ALL",
          "latest_revision": "projects/edupulse-483220/locations/us-central1/services/quiz-service/revisions/quiz-service-00002-2nk",
          "location": "us-central1",
          "max_instances": 10,
          "memory": "1Gi",
          "min_instances": 0,
          "name": "quiz-service",
          "service_account": "quiz-service-sa@edupulse-483220.iam.gserviceaccount.com",
          "url": "https://quiz-service-r76opvru7a-uc.a.run.app"
        }
      },
      "type": [
        "object",
        {
          "engagement-service": [
            "object",
            {
              "allow_public": "bool",
              "cpu": "string",
              "image": "string",
              "ingress": "string",
              "latest_revision": "string",
              "location": "string",
              "max_instances": "number",
              "memory": "string",
              "min_instances": "number",
              "name": "string",
              "service_account": "string",
              "url": "string"
            }
          ],
          "quiz-service": [
            "object",
            {
              "allow_public": "bool",
              "cpu": "string",
              "image": "string",
              "ingress": "string",
              "latest_revision": "string",
              "location": "string",
              "max_instances": "number",
              "memory": "string",
              "min_instances": "number",
              "name": "string",
              "service_account": "string",
              "url": "string"
            }
          ]
        }
      ]
    },
    "docker_build_commands": {
      "value": {
        "engagement-service": {
          "build_cmd": "docker build -t us-central1-docker.pkg.dev/edupulse-483220/edupulse/engagement-service:latest ./backend/engagement-service",
          "push_cmd": "docker push us-central1-docker.pkg.dev/edupulse-483220/edupulse/engagement-service:latest",
          "tag": "us-central1-docker.pkg.dev/edupulse-483220/edupulse/engagement-service:latest"
        },
        "quiz-service": {
          "build_cmd": "docker build -t us-central1-docker.pkg.dev/edupulse-483220/edupulse/quiz-service:latest ./backend/quiz-service",
          "push_cmd": "docker push us-central1-docker.pkg.dev/edupulse-483220/edupulse/quiz-service:latest",
          "tag": "us-central1-docker.pkg.dev/edupulse-483220/edupulse/quiz-service:latest"
        }
      },
      "type": [
        "object",
        {
          "engagement-service": [
            "object",
            {
              "build_cmd": "string",
              "push_cmd": "string",
              "tag": "string"
            }
          ],
          "quiz-service": [
            "object",
            {
              "build_cmd": "string",
              "push_cmd": "string",
              "tag": "string"
            }
          ]
        }
      ]
    },
    "environment": {
      "value": "dev",
      "type": "string"
    },
    "iam_summary": {
      "value": {
        "engagement-service": {
          "additional_roles": [],
          "has_artifact_registry": false,
          "has_vertex_ai": false,
          "secrets_access": [
            "projects/edupulse-483220/secrets/kafka-api-key",
            "projects/edupulse-483220/secrets/kafka-api-secret",
            "projects/edupulse-483220/secrets/kafka-bootstrap-servers",
            "projects/edupulse-483220/secrets/schema-registry-api-key",
            "projects/edupulse-483220/secrets/schema-registry-api-secret",
            "projects/edupulse-483220/secrets/schema-registry-url"
          ],
          "service_account": "engagement-service-sa@edupulse-483220.iam.gserviceaccount.com"
        },
        "quiz-service": {
          "additional_roles": [],
          "has_artifact_registry": false,
          "has_vertex_ai": true,
          "secrets_access": [
            "projects/edupulse-483220/secrets/jwt-signing-key",
            "projects/edupulse-483220/secrets/kafka-api-key",
            "projects/edupulse-483220/secrets/kafka-api-secret",
            "projects/edupulse-483220/secrets/kafka-bootstrap-servers",
            "projects/edupulse-483220/secrets/postgres-database",
            "projects/edupulse-483220/secrets/postgres-host",
            "projects/edupulse-483220/secrets/postgres-password",
            "projects/edupulse-483220/secrets/postgres-user",
            "projects/edupulse-483220/secrets/schema-registry-api-key",
            "projects/edupulse-483220/secrets/schema-registry-api-secret",
            "projects/edupulse-483220/secrets/schema-registry-url"
          ],
          "service_account": "quiz-service-sa@edupulse-483220.iam.gserviceaccount.com"
        }
      },
      "type": [
        "object",
        {
          "engagement-service": [
            "object",
            {
              "additional_roles": [
                "tuple",
                []
              ],
              "has_artifact_registry": "bool",
              "has_vertex_ai": "bool",
              "secrets_access": [
                "tuple",
                [
                  "string",
                  "string",
                  "string",
                  "string",
                  "string",
                  "string"
                ]
              ],
              "service_account": "string"
            }
          ],
          "quiz-service": [
            "object",
            {
              "additional_roles": [
                "tuple",
                []
              ],
              "has_artifact_registry": "bool",
              "has_vertex_ai": "bool",
              "secrets_access": [
                "tuple",
                [
                  "string",
                  "string",
                  "string",
                  "string",
                  "string",
                  "string",
                  "string",
                  "string",
                  "string",
                  "string",
                  "string"
                ]
              ],
              "service_account": "string"
            }
          ]
        }
      ]
    },
    "next_steps": {
      "value": "\r\n====================================================================\r\nTerraform Apply Successful - Next Steps:\r\n====================================================================\r\n\r\n1. Authenticate Docker with Artifact Registry:\r\n   gcloud auth configure-docker us-central1-docker.pkg.dev\r\n\r\n2. Set secret values (replace with actual values from Confluent Cloud):\r\n\r\n   # Kafka credentials\r\n   echo -n \"pkc-xxxxx.us-east-1.aws.confluent.cloud:9092\" | gcloud secrets versions add kafka-bootstrap-servers --data-file=-\r\n   echo -n \"YOUR_KAFKA_API_KEY\" | gcloud secrets versions add kafka-api-key --data-file=-\r\n   echo -n \"YOUR_KAFKA_API_SECRET\" | gcloud secrets versions add kafka-api-secret --data-file=-\r\n\r\n   # Schema Registry credentials\r\n   echo -n \"https://psrc-xxxxx.us-east-1.aws.confluent.cloud\" | gcloud secrets versions add schema-registry-url --data-file=-\r\n   echo -n \"YOUR_SR_API_KEY\" | gcloud secrets versions add schema-registry-api-key --data-file=-\r\n   echo -n \"YOUR_SR_API_SECRET\" | gcloud secrets versions add schema-registry-api-secret --data-file=-\r\n\r\n   # Gemini API key\r\n   echo -n \"YOUR_GEMINI_API_KEY\" | gcloud secrets versions add gemini-api-key --data-file=-\r\n\r\n   # PostgreSQL credentials (for quiz service)\r\n   echo -n \"edupulse\" | gcloud secrets versions add postgres-user --data-file=-\r\n   echo -n \"YOUR_POSTGRES_PASSWORD\" | gcloud secrets versions add postgres-password --data-file=-\r\n   echo -n \"edupulse\" | gcloud secrets versions add postgres-database --data-file=-\r\n\r\n   # JWT signing key\r\n   echo -n \"$(openssl rand -base64 32)\" | gcloud secrets versions add jwt-signing-key --data-file=-\r\n\r\n3. Build and push container images:\r\n   # Example for quiz-service\r\n   cd ../../../backend/quiz-service\r\n   docker build -t us-central1-docker.pkg.dev/edupulse-483220/edupulse/quiz-service:latest .\r\n   docker push us-central1-docker.pkg.dev/edupulse-483220/edupulse/quiz-service:latest\r\n\r\n   # Or use the deploy script (once created):\r\n   # ../../../scripts/deploy_with_terraform.sh\r\n\r\n4. Deploy Cloud Run services:\r\n   terraform apply\r\n\r\n5. Verify deployment:\r\n   gcloud run services list --project=edupulse-483220 --region=us-central1\r\n\r\n6. Access your services:\r\n   engagement-service: https://engagement-service-r76opvru7a-uc.a.run.app\n     quiz-service: https://quiz-service-r76opvru7a-uc.a.run.app\r\n\r\n7. Test Kafka connectivity from quiz-service:\r\n   curl -X POST https://YOUR_SERVICE_URL/actuator/health\r\n\r\n8. Configure Vertex AI for bandit-engine (if using AI features):\n     # Deploy a model endpoint or use pre-trained model\n     gcloud ai endpoints list --project=edupulse-483220 --region=us-central1\n     \n     # Update bandit-engine environment variable with endpoint ID:\n     VERTEX_AI_ENDPOINT_ID=your-endpoint-id\n\r\n====================================================================\r\n",
      "type": "string"
    },
    "project_id": {
      "value": "edupulse-483220",
      "type": "string"
    },
    "quiz_service_url": {
      "value": "https://quiz-service-r76opvru7a-uc.a.run.app",
      "type": "string"
    },
    "region": {
      "value": "us-central1",
      "type": "string"
    },
    "secret_ids": {
      "value": {
        "gemini-api-key": "projects/edupulse-483220/secrets/gemini-api-key",
        "jwt-signing-key": "projects/edupulse-483220/secrets/jwt-signing-key",
        "kafka-api-key": "projects/edupulse-483220/secrets/kafka-api-key",
        "kafka-api-secret": "projects/edupulse-483220/secrets/kafka-api-secret",
        "kafka-bootstrap-servers": "projects/edupulse-483220/secrets/kafka-bootstrap-servers",
        "postgres-database": "projects/edupulse-483220/secrets/postgres-database",
        "postgres-host": "projects/edupulse-483220/secrets/postgres-host",
        "postgres-password": "projects/edupulse-483220/secrets/postgres-password",
        "postgres-user": "projects/edupulse-483220/secrets/postgres-user",
        "schema-registry-api-key": "projects/edupulse-483220/secrets/schema-registry-api-key",
        "schema-registry-api-secret": "projects/edupulse-483220/secrets/schema-registry-api-secret",
        "schema-registry-url": "projects/edupulse-483220/secrets/schema-registry-url"
      },
      "type": [
        "object",
        {
          "gemini-api-key": "string",
          "jwt-signing-key": "string",
          "kafka-api-key": "string",
          "kafka-api-secret": "string",
          "kafka-bootstrap-servers": "string",
          "postgres-database": "string",
          "postgres-host": "string",
          "postgres-password": "string",
          "postgres-user": "string",
          "schema-registry-api-key": "string",
          "schema-registry-api-secret": "string",
          "schema-registry-url": "string"
        }
      ]
    },
    "secret_names": {
      "value": {
        "gemini-api-key": "gemini-api-key",
        "jwt-signing-key": "jwt-signing-key",
        "kafka-api-key": "kafka-api-key",
        "kafka-api-secret": "kafka-api-secret",
        "kafka-bootstrap-servers": "kafka-bootstrap-servers",
        "postgres-database": "postgres-database",
        "postgres-host": "postgres-host",
        "postgres-password": "postgres-password",
        "postgres-user": "postgres-user",
        "schema-registry-api-key": "schema-registry-api-key",
        "schema-registry-api-secret": "schema-registry-api-secret",
        "schema-registry-url": "schema-registry-url"
      },
      "type": [
        "object",
        {
          "gemini-api-key": "string",
          "jwt-signing-key": "string",
          "kafka-api-key": "string",
          "kafka-api-secret": "string",
          "kafka-bootstrap-servers": "string",
          "postgres-database": "string",
          "postgres-host": "string",
          "postgres-password": "string",
          "postgres-user": "string",
          "schema-registry-api-key": "string",
          "schema-registry-api-secret": "string",
          "schema-registry-url": "string"
        }
      ]
    },
    "secrets_created": {
      "value": [
        "gemini-api-key",
        "jwt-signing-key",
        "kafka-api-key",
        "kafka-api-secret",
        "kafka-bootstrap-servers",
        "postgres-database",
        "postgres-host",
        "postgres-password",
        "postgres-user",
        "schema-registry-api-key",
        "schema-registry-api-secret",
        "schema-registry-url"
      ],
      "type": [
        "tuple",
        [
          "string",
          "string",
          "string",
          "string",
          "string",
          "string",
          "string",
          "string",
          "string",
          "string",
          "string",
          "string"
        ]
      ]
    },
    "service_account_emails": {
      "value": {
        "engagement-service": "engagement-service-sa@edupulse-483220.iam.gserviceaccount.com",
        "quiz-service": "quiz-service-sa@edupulse-483220.iam.gserviceaccount.com"
      },
      "type": [
        "object",
        {
          "engagement-service": "string",
          "quiz-service": "string"
        }
      ]
    },
    "service_accounts": {
      "value": {
        "engagement-service": {
          "account_id": "engagement-service-sa",
          "description": "Service account for engagement-service in dev environment",
          "display_name": "Service Account for engagement-service",
          "email": "engagement-service-sa@edupulse-483220.iam.gserviceaccount.com",
          "name": "projects/edupulse-483220/serviceAccounts/engagement-service-sa@edupulse-483220.iam.gserviceaccount.com",
          "unique_id": "103977356197876834156"
        },
        "quiz-service": {
          "account_id": "quiz-service-sa",
          "description": "Service account for quiz-service in dev environment",
          "display_name": "Service Account for quiz-service",
          "email": "quiz-service-sa@edupulse-483220.iam.gserviceaccount.com",
          "name": "projects/edupulse-483220/serviceAccounts/quiz-service-sa@edupulse-483220.iam.gserviceaccount.com",
          "unique_id": "115916894692848930156"
        }
      },
      "type": [
        "object",
        {
          "engagement-service": [
            "object",
            {
              "account_id": "string",
              "description": "string",
              "display_name": "string",
              "email": "string",
              "name": "string",
              "unique_id": "string"
            }
          ],
          "quiz-service": [
            "object",
            {
              "account_id": "string",
              "description": "string",
              "display_name": "string",
              "email": "string",
              "name": "string",
              "unique_id": "string"
            }
          ]
        }
      ]
    },
    "vertex_ai_enabled": {
      "value": true,
      "type": "bool"
    },
    "vertex_ai_enabled_apis": {
      "value": [
        "aiplatform.googleapis.com",
        "notebooks.googleapis.com"
      ],
      "type": [
        "list",
        "string"
      ]
    },
    "vertex_ai_endpoint_format": {
      "value": "https://us-central1-aiplatform.googleapis.com/v1/projects/edupulse-483220/locations/us-central1/endpoints/{ENDPOINT_ID}:predict",
      "type": "string"
    },
    "vertex_ai_iam_roles": {
      "value": {
        "default_service_agent": {
          "count": 0,
          "granted_to": [],
          "role": "roles/aiplatform.serviceAgent"
        },
        "vertex_ai_admin": {
          "count": 0,
          "granted_to": [],
          "role": "roles/aiplatform.admin"
        },
        "vertex_ai_service_agent": {
          "count": 0,
          "granted_to": [],
          "role": "roles/aiplatform.serviceAgent"
        },
        "vertex_ai_user": {
          "count": 1,
          "granted_to": [
            "quiz-service-sa@edupulse-483220.iam.gserviceaccount.com"
          ],
          "role": "roles/aiplatform.user"
        }
      },
      "type": [
        "map",
        [
          "object",
          {
            "count": "number",
            "granted_to": [
              "list",
              "string"
            ],
            "role": "string"
          }
        ]
      ]
    },
    "vertex_ai_service_accounts": {
      "value": [
        "quiz-service-sa@edupulse-483220.iam.gserviceaccount.com"
      ],
      "type": [
        "list",
        "string"
      ]
    }
  },
  "resources": [
    {
      "mode": "data",
      "type": "google_project",
      "name": "project",
      "provider": "provider[\"registry.terraform.io/hashicorp/google\"]",
      "instances": [
        {
          "schema_version": 0,
          "attributes": {
            "auto_create_network": null,
            "billing_account": "0185CE-5244F8-B6237E",
            "deletion_policy": "DELETE",
            "effective_labels": {},
            "folder_id": null,
            "id": "projects/edupulse-483220",
            "labels": {},
            "name": "EduPulse",
            "number": "10560167884",
            "org_id": null,
            "project_id": "edupulse-483220",
            "skip_delete": null,
            "terraform_labels": {}
          },
          "sensitive_attributes": [],
          "identity_schema_version": 0
        }
      ]
    },
    {
      "mode": "managed",
      "type": "google_project_service",
      "name": "required_apis",
      "provider": "provider[\"registry.terraform.io/hashicorp/google\"]",
      "instances": [
        {
          "index_key": "aiplatform.googleapis.com",
          "schema_version": 0,
          "attributes": {
            "disable_dependent_services": null,
            "disable_on_destroy": false,
            "id": "edupulse-483220/aiplatform.googleapis.com",
            "project": "edupulse-483220",
            "service": "aiplatform.googleapis.com",
            "timeouts": null
          },
          "sensitive_attributes": [],
          "identity_schema_version": 0,
          "private": "eyJlMmJmYjczMC1lY2FhLTExZTYtOGY4OC0zNDM2M2JjN2M0YzAiOnsiY3JlYXRlIjoxMjAwMDAwMDAwMDAwLCJkZWxldGUiOjEyMDAwMDAwMDAwMDAsInJlYWQiOjYwMDAwMDAwMDAwMCwidXBkYXRlIjoxMjAwMDAwMDAwMDAwfX0="
        },
        {
          "index_key": "artifactregistry.googleapis.com",
          "schema_version": 0,
          "attributes": {
            "disable_dependent_services": null,
            "disable_on_destroy": false,
            "id": "edupulse-483220/artifactregistry.googleapis.com",
            "project": "edupulse-483220",
            "service": "artifactregistry.googleapis.com",
            "timeouts": null
          },
          "sensitive_attributes": [],
          "identity_schema_version": 0,
          "private": "eyJlMmJmYjczMC1lY2FhLTExZTYtOGY4OC0zNDM2M2JjN2M0YzAiOnsiY3JlYXRlIjoxMjAwMDAwMDAwMDAwLCJkZWxldGUiOjEyMDAwMDAwMDAwMDAsInJlYWQiOjYwMDAwMDAwMDAwMCwidXBkYXRlIjoxMjAwMDAwMDAwMDAwfX0="
        },
        {
          "index_key": "cloudresourcemanager.googleapis.com",
          "schema_version": 0,
          "attributes": {
            "disable_dependent_services": null,
            "disable_on_destroy": false,
            "id": "edupulse-483220/cloudresourcemanager.googleapis.com",
            "project": "edupulse-483220",
            "service": "cloudresourcemanager.googleapis.com",
            "timeouts": null
          },
          "sensitive_attributes": [],
          "identity_schema_version": 0,
          "private": "eyJlMmJmYjczMC1lY2FhLTExZTYtOGY4OC0zNDM2M2JjN2M0YzAiOnsiY3JlYXRlIjoxMjAwMDAwMDAwMDAwLCJkZWxldGUiOjEyMDAwMDAwMDAwMDAsInJlYWQiOjYwMDAwMDAwMDAwMCwidXBkYXRlIjoxMjAwMDAwMDAwMDAwfX0="
        },
        {
          "index_key": "compute.googleapis.com",
          "schema_version": 0,
          "attributes": {
            "disable_dependent_services": null,
            "disable_on_destroy": false,
            "id": "edupulse-483220/compute.googleapis.com",
            "project": "edupulse-483220",
            "service": "compute.googleapis.com",
            "timeouts": null
          },
          "sensitive_attributes": [],
          "identity_schema_version": 0,
          "private": "eyJlMmJmYjczMC1lY2FhLTExZTYtOGY4OC0zNDM2M2JjN2M0YzAiOnsiY3JlYXRlIjoxMjAwMDAwMDAwMDAwLCJkZWxldGUiOjEyMDAwMDAwMDAwMDAsInJlYWQiOjYwMDAwMDAwMDAwMCwidXBkYXRlIjoxMjAwMDAwMDAwMDAwfX0="
        },
        {
          "index_key": "generativelanguage.googleapis.com",
          "schema_version": 0,
          "attributes": {
            "disable_dependent_services": null,
            "disable_on_destroy": false,
            "id": "edupulse-483220/generativelanguage.googleapis.com",
            "project": "edupulse-483220",
            "service": "generativelanguage.googleapis.com",
            "timeouts": null
          },
          "sensitive_attributes": [],
          "identity_schema_version": 0,
          "private": "eyJlMmJmYjczMC1lY2FhLTExZTYtOGY4OC0zNDM2M2JjN2M0YzAiOnsiY3JlYXRlIjoxMjAwMDAwMDAwMDAwLCJkZWxldGUiOjEyMDAwMDAwMDAwMDAsInJlYWQiOjYwMDAwMDAwMDAwMCwidXBkYXRlIjoxMjAwMDAwMDAwMDAwfX0="
        },
        {
          "index_key": "iam.googleapis.com",
          "schema_version": 0,
          "attributes": {
            "disable_dependent_services": null,
            "disable_on_destroy": false,
            "id": "edupulse-483220/iam.googleapis.com",
            "project": "edupulse-483220",
            "service": "iam.googleapis.com",
            "timeouts": null
          },
          "sensitive_attributes": [],
          "identity_schema_version": 0,
          "private": "eyJlMmJmYjczMC1lY2FhLTExZTYtOGY4OC0zNDM2M2JjN2M0YzAiOnsiY3JlYXRlIjoxMjAwMDAwMDAwMDAwLCJkZWxldGUiOjEyMDAwMDAwMDAwMDAsInJlYWQiOjYwMDAwMDAwMDAwMCwidXBkYXRlIjoxMjAwMDAwMDAwMDAwfX0="
        },
        {
          "index_key": "notebooks.googleapis.com",
          "schema_version": 0,
          "attributes": {
            "disable_dependent_services": null,
            "disable_on_destroy": false,
            "id": "edupulse-483220/notebooks.googleapis.com",
            "project": "edupulse-483220",
            "service": "notebooks.googleapis.com",
            "timeouts": null
          },
          "sensitive_attributes": [],
          "identity_schema_version": 0,
          "private": "eyJlMmJmYjczMC1lY2FhLTExZTYtOGY4OC0zNDM2M2JjN2M0YzAiOnsiY3JlYXRlIjoxMjAwMDAwMDAwMDAwLCJkZWxldGUiOjEyMDAwMDAwMDAwMDAsInJlYWQiOjYwMDAwMDAwMDAwMCwidXBkYXRlIjoxMjAwMDAwMDAwMDAwfX0="
        },
        {
          "index_key": "run.googleapis.com",
          "schema_version": 0,
          "attributes": {
            "disable_dependent_services": null,
            "disable_on_destroy": false,
            "id": "edupulse-483220/run.googleapis.com",
            "project": "edupulse-483220",
            "service": "run.googleapis.com",
            "timeouts": null
          },
          "sensitive_attributes": [],
          "identity_schema_version": 0,
          "private": "eyJlMmJmYjczMC1lY2FhLTExZTYtOGY4OC0zNDM2M2JjN2M0YzAiOnsiY3JlYXRlIjoxMjAwMDAwMDAwMDAwLCJkZWxldGUiOjEyMDAwMDAwMDAwMDAsInJlYWQiOjYwMDAwMDAwMDAwMCwidXBkYXRlIjoxMjAwMDAwMDAwMDAwfX0="
        },
        {
          "index_key": "secretmanager.googleapis.com",
          "schema_version": 0,
          "attributes": {
            "disable_dependent_services": null,
            "disable_on_destroy": false,
            "id": "edupulse-483220/secretmanager.googleapis.com",
            "project": "edupulse-483220",
            "service": "secretmanager.googleapis.com",
            "timeouts": null
          },
          "sensitive_attributes": [],
          "identity_schema_version": 0,
          "private": "eyJlMmJmYjczMC1lY2FhLTExZTYtOGY4OC0zNDM2M2JjN2M0YzAiOnsiY3JlYXRlIjoxMjAwMDAwMDAwMDAwLCJkZWxldGUiOjEyMDAwMDAwMDAwMDAsInJlYWQiOjYwMDAwMDAwMDAwMCwidXBkYXRlIjoxMjAwMDAwMDAwMDAwfX0="
        }
      ]
    },
    {
      "module": "module.artifact_registry",
      "mode": "managed",
      "type": "google_artifact_registry_repository",
      "name": "main",
      "provider": "provider[\"registry.terraform.io/hashicorp/google\"]",
      "instances": [
        {
          "schema_version": 0,
          "attributes": {
            "cleanup_policies": [
              {
                "action": "DELETE",
                "condition": [
                  {
                    "newer_than": "",
                    "older_than": "2592000s",
                    "package_name_prefixes": [],
                    "tag_prefixes": [],
                    "tag_state": "UNTAGGED",
                    "version_name_prefixes": []
                  }
                ],
                "id": "delete-untagged-old-images",
                "most_recent_versions": []
              },
              {
                "action": "KEEP",
                "condition": [],
                "id": "keep-recent-versions",
                "most_recent_versions": [
                  {
                    "keep_count": 10,
                    "package_name_prefixes": []
                  }
                ]
              }
            ],
            "cleanup_policy_dry_run": false,
            "create_time": "2026-01-05T07:20:01.889284Z",
            "description": "Container images for EduPulse dev environment",
            "docker_config": [],
            "effective_labels": {
              "environment": "dev",
              "managed_by": "terraform",
              "project": "edupulse",
              "team": "platform",
              "terraform": "true"
            },
            "format": "DOCKER",
            "id": "projects/edupulse-483220/locations/us-central1/repositories/edupulse",
            "kms_key_name": "",
            "labels": {
              "environment": "dev",
              "managed_by": "terraform",
              "project": "edupulse",
              "team": "platform",
              "terraform": "true"
            },
            "location": "us-central1",
            "maven_config": [],
            "mode": "STANDARD_REPOSITORY",
            "name": "edupulse",
            "project": "edupulse-483220",
            "remote_repository_config": [],
            "repository_id": "edupulse",
            "terraform_labels": {
              "environment": "dev",
              "managed_by": "terraform",
              "project": "edupulse",
              "team": "platform",
              "terraform": "true"
            },
            "timeouts": null,
            "update_time": "2026-01-15T15:22:32.516075Z",
            "virtual_repository_config": []
          },
          "sensitive_attributes": [],
          "identity_schema_version": 0,
          "private": "eyJlMmJmYjczMC1lY2FhLTExZTYtOGY4OC0zNDM2M2JjN2M0YzAiOnsiY3JlYXRlIjoxMjAwMDAwMDAwMDAwLCJkZWxldGUiOjEyMDAwMDAwMDAwMDAsInVwZGF0ZSI6MTIwMDAwMDAwMDAwMH19",
          "dependencies": [
            "google_project_service.required_apis"
          ]
        }
      ]
    },
    {
      "module": "module.cloud_run_services[\"engagement-service\"]",
      "mode": "managed",
      "type": "google_cloud_run_v2_service",
      "name": "service",
      "provider": "provider[\"registry.terraform.io/hashicorp/google\"]",
      "instances": [
        {
          "schema_version": 0,
          "attributes": {
            "annotations": null,
            "binary_authorization": [],
            "client": "",
            "client_version": "",
            "conditions": [
              {
                "execution_reason": "",
                "last_transition_time": "2026-01-15T15:28:22.876135Z",
                "message": "",
                "reason": "",
                "revision_reason": "",
                "severity": "",
                "state": "CONDITION_SUCCEEDED",
                "type": "RoutesReady"
              },
              {
                "execution_reason": "",
                "last_transition_time": "2026-01-15T15:27:59.642768Z",
                "message": "",
                "reason": "",
                "revision_reason": "",
                "severity": "",
                "state": "CONDITION_SUCCEEDED",
                "type": "ConfigurationsReady"
              }
            ],
            "create_time": "2026-01-15T15:27:57.565974Z",
            "creator": "devin@catuns.xyz",
            "custom_audiences": null,
            "delete_time": "",
            "description": "",
            "effective_annotations": {},
            "effective_labels": {
              "environment": "dev",
              "managed_by": "terraform",
              "project": "edupulse",
              "service": "engagement-service",
              "team": "platform",
              "terraform": "true"
            },
            "etag": "\"CP2OpMsGEPCn8I0C/cHJvamVjdHMvZWR1cHVsc2UtNDgzMjIwL2xvY2F0aW9ucy91cy1jZW50cmFsMS9zZXJ2aWNlcy9lbmdhZ2VtZW50LXNlcnZpY2U\"",
            "expire_time": "",
            "generation": "1",
            "id": "projects/edupulse-483220/locations/us-central1/services/engagement-service",
            "ingress": "INGRESS_TRAFFIC_ALL",
            "labels": {
              "environment": "dev",
              "managed_by": "terraform",
              "project": "edupulse",
              "service": "engagement-service",
              "team": "platform",
              "terraform": "true"
            },
            "last_modifier": "devin@catuns.xyz",
            "latest_created_revision": "projects/edupulse-483220/locations/us-central1/services/engagement-service/revisions/engagement-service-00001-p2b",
            "latest_ready_revision": "projects/edupulse-483220/locations/us-central1/services/engagement-service/revisions/engagement-service-00001-p2b",
            "launch_stage": "GA",
            "location": "us-central1",
            "name": "engagement-service",
            "observed_generation": "1",
            "project": "edupulse-483220",
            "reconciling": false,
            "template": [
              {
                "annotations": null,
                "containers": [
                  {
                    "args": null,
                    "command": null,
                    "depends_on": null,
                    "env": [
                      {
                        "name": "LOGGING_LEVEL_ROOT",
                        "value": "INFO",
                        "value_source": []
                      },
                      {
                        "name": "SERVER_PORT",
                        "value": "8080",
                        "value_source": []
                      },
                      {
                        "name": "SPRING_PROFILES_ACTIVE",
                        "value": "prod",
                        "value_source": []
                      },
                      {
                        "name": "KAFKA_API_KEY",
                        "value": "",
                        "value_source": [
                          {
                            "secret_key_ref": [
                              {
                                "secret": "kafka-api-key",
                                "version": "latest"
                              }
                            ]
                          }
                        ]
                      },
                      {
                        "name": "KAFKA_API_SECRET",
                        "value": "",
                        "value_source": [
                          {
                            "secret_key_ref": [
                              {
                                "secret": "kafka-api-secret",
                                "version": "latest"
                              }
                            ]
                          }
                        ]
                      },
                      {
                        "name": "KAFKA_BOOTSTRAP_SERVERS",
                        "value": "",
                        "value_source": [
                          {
                            "secret_key_ref": [
                              {
                                "secret": "kafka-bootstrap-servers",
                                "version": "latest"
                              }
                            ]
                          }
                        ]
                      },
                      {
                        "name": "SCHEMA_REGISTRY_API_KEY",
                        "value": "",
                        "value_source": [
                          {
                            "secret_key_ref": [
                              {
                                "secret": "schema-registry-api-key",
                                "version": "latest"
                              }
                            ]
                          }
                        ]
                      },
                      {
                        "name": "SCHEMA_REGISTRY_API_SECRET",
                        "value": "",
                        "value_source": [
                          {
                            "secret_key_ref": [
                              {
                                "secret": "schema-registry-api-secret",
                                "version": "latest"
                              }
                            ]
                          }
                        ]
                      },
                      {
                        "name": "SCHEMA_REGISTRY_URL",
                        "value": "",
                        "value_source": [
                          {
                            "secret_key_ref": [
                              {
                                "secret": "schema-registry-url",
                                "version": "latest"
                              }
                            ]
                          }
                        ]
                      }
                    ],
                    "image": "us-central1-docker.pkg.dev/edupulse-483220/edupulse/engagement-service:latest",
                    "liveness_probe": [
                      {
                        "failure_threshold": 3,
                        "grpc": [],
                        "http_get": [
                          {
                            "http_headers": [],
                            "path": "/actuator/health/liveness",
                            "port": 8080
                          }
                        ],
                        "initial_delay_seconds": 0,
                        "period_seconds": 10,
                        "tcp_socket": [],
                        "timeout_seconds": 3
                      }
                    ],
                    "name": "",
                    "ports": [
                      {
                        "container_port": 8080,
                        "name": "http1"
                      }
                    ],
                    "resources": [
                      {
                        "cpu_idle": false,
                        "limits": {
                          "cpu": "1000m",
                          "memory": "1Gi"
                        },
                        "startup_cpu_boost": true
                      }
                    ],
                    "startup_probe": [
                      {
                        "failure_threshold": 3,
                        "grpc": [],
                        "http_get": [
                          {
                            "http_headers": [],
                            "path": "/actuator/health/readiness",
                            "port": 8080
                          }
                        ],
                        "initial_delay_seconds": 0,
                        "period_seconds": 10,
                        "tcp_socket": [],
                        "timeout_seconds": 3
                      }
                    ],
                    "volume_mounts": [],
                    "working_dir": ""
                  }
                ],
                "encryption_key": "",
                "execution_environment": "",
                "labels": null,
                "max_instance_request_concurrency": 80,
                "revision": "",
                "scaling": [
                  {
                    "max_instance_count": 10,
                    "min_instance_count": 0
                  }
                ],
                "service_account": "engagement-service-sa@edupulse-483220.iam.gserviceaccount.com",
                "session_affinity": false,
                "timeout": "60s",
                "volumes": [],
                "vpc_access": []
              }
            ],
            "terminal_condition": [
              {
                "execution_reason": "",
                "last_transition_time": "2026-01-15T15:28:22.916161Z",
                "message": "",
                "reason": "",
                "revision_reason": "",
                "severity": "",
                "state": "CONDITION_SUCCEEDED",
                "type": "Ready"
              }
            ],
            "terraform_labels": {
              "environment": "dev",
              "managed_by": "terraform",
              "project": "edupulse",
              "service": "engagement-service",
              "team": "platform",
              "terraform": "true"
            },
            "timeouts": null,
            "traffic": [
              {
                "percent": 100,
                "revision": "",
                "tag": "",
                "type": "TRAFFIC_TARGET_ALLOCATION_TYPE_LATEST"
              }
            ],
            "traffic_statuses": [
              {
                "percent": 100,
                "revision": "",
                "tag": "",
                "type": "TRAFFIC_TARGET_ALLOCATION_TYPE_LATEST",
                "uri": ""
              }
            ],
            "uid": "06c8ce45-3bea-4a94-ab3a-938edecc921f",
            "update_time": "2026-01-15T15:27:57.565974Z",
            "uri": "https://engagement-service-r76opvru7a-uc.a.run.app"
          },
          "sensitive_attributes": [],
          "identity_schema_version": 0,
          "private": "eyJlMmJmYjczMC1lY2FhLTExZTYtOGY4OC0zNDM2M2JjN2M0YzAiOnsiY3JlYXRlIjoxMjAwMDAwMDAwMDAwLCJkZWxldGUiOjEyMDAwMDAwMDAwMDAsInVwZGF0ZSI6MTIwMDAwMDAwMDAwMH19",
          "dependencies": [
            "google_project_service.required_apis",
            "module.artifact_registry.google_artifact_registry_repository.main",
            "module.cloud_run_services.google_project_service.cloudrun_api",
            "module.iam.google_project_iam_member.artifact_registry_reader",
            "module.iam.google_project_iam_member.custom_roles",
            "module.iam.google_project_iam_member.vertex_ai_prediction",
            "module.iam.google_project_iam_member.vertex_ai_user",
            "module.iam.google_secret_manager_secret_iam_member.secret_access",
            "module.iam.google_service_account.service_accounts",
            "module.iam.google_service_account_iam_member.token_creator",
            "module.iam.google_service_account_iam_member.workload_identity",
            "module.secret_manager.google_project_service.secretmanager_api",
            "module.secret_manager.google_secret_manager_secret.secrets",
            "module.secret_manager.google_secret_manager_secret_iam_member.secret_accessors",
            "module.secret_manager.google_secret_manager_secret_version.secret_versions"
          ]
        }
      ]
    },
    {
      "module": "module.cloud_run_services[\"engagement-service\"]",
      "mode": "managed",
      "type": "google_cloud_run_v2_service_iam_member",
      "name": "public_access",
      "provider": "provider[\"registry.terraform.io/hashicorp/google\"]",
      "instances": [
        {
          "index_key": 0,
          "schema_version": 0,
          "attributes": {
            "condition": [],
            "etag": "BwZIbuCH07E=",
            "id": "projects/edupulse-483220/locations/us-central1/services/engagement-service/roles/run.invoker/allUsers",
            "location": "us-central1",
            "member": "allUsers",
            "name": "projects/edupulse-483220/locations/us-central1/services/engagement-service",
            "project": "edupulse-483220",
            "role": "roles/run.invoker"
          },
          "sensitive_attributes": [],
          "identity_schema_version": 0,
          "private": "bnVsbA==",
          "dependencies": [
            "google_project_service.required_apis",
            "module.artifact_registry.google_artifact_registry_repository.main",
            "module.cloud_run_services.google_cloud_run_v2_service.service",
            "module.cloud_run_services.google_project_service.cloudrun_api",
            "module.iam.google_project_iam_member.artifact_registry_reader",
            "module.iam.google_project_iam_member.custom_roles",
            "module.iam.google_project_iam_member.vertex_ai_prediction",
            "module.iam.google_project_iam_member.vertex_ai_user",
            "module.iam.google_secret_manager_secret_iam_member.secret_access",
            "module.iam.google_service_account.service_accounts",
            "module.iam.google_service_account_iam_member.token_creator",
            "module.iam.google_service_account_iam_member.workload_identity",
            "module.secret_manager.google_project_service.secretmanager_api",
            "module.secret_manager.google_secret_manager_secret.secrets",
            "module.secret_manager.google_secret_manager_secret_iam_member.secret_accessors",
            "module.secret_manager.google_secret_manager_secret_version.secret_versions"
          ]
        }
      ]
    },
    {
      "module": "module.cloud_run_services[\"engagement-service\"]",
      "mode": "managed",
      "type": "google_project_service",
      "name": "cloudrun_api",
      "provider": "provider[\"registry.terraform.io/hashicorp/google\"]",
      "instances": [
        {
          "schema_version": 0,
          "attributes": {
            "disable_dependent_services": null,
            "disable_on_destroy": false,
            "id": "edupulse-483220/run.googleapis.com",
            "project": "edupulse-483220",
            "service": "run.googleapis.com",
            "timeouts": null
          },
          "sensitive_attributes": [],
          "identity_schema_version": 0,
          "private": "eyJlMmJmYjczMC1lY2FhLTExZTYtOGY4OC0zNDM2M2JjN2M0YzAiOnsiY3JlYXRlIjoxMjAwMDAwMDAwMDAwLCJkZWxldGUiOjEyMDAwMDAwMDAwMDAsInJlYWQiOjYwMDAwMDAwMDAwMCwidXBkYXRlIjoxMjAwMDAwMDAwMDAwfX0=",
          "dependencies": [
            "google_project_service.required_apis",
            "module.artifact_registry.google_artifact_registry_repository.main",
            "module.iam.google_project_iam_member.artifact_registry_reader",
            "module.iam.google_project_iam_member.custom_roles",
            "module.iam.google_project_iam_member.vertex_ai_prediction",
            "module.iam.google_project_iam_member.vertex_ai_user",
            "module.iam.google_secret_manager_secret_iam_member.secret_access",
            "module.iam.google_service_account.service_accounts",
            "module.iam.google_service_account_iam_member.token_creator",
            "module.iam.google_service_account_iam_member.workload_identity",
            "module.secret_manager.google_project_service.secretmanager_api",
            "module.secret_manager.google_secret_manager_secret.secrets",
            "module.secret_manager.google_secret_manager_secret_iam_member.secret_accessors",
            "module.secret_manager.google_secret_manager_secret_version.secret_versions"
          ]
        }
      ]
    },
    {
      "module": "module.cloud_run_services[\"quiz-service\"]",
      "mode": "managed",
      "type": "google_cloud_run_v2_service",
      "name": "service",
      "provider": "provider[\"registry.terraform.io/hashicorp/google\"]",
      "instances": [
        {
          "schema_version": 0,
          "attributes": {
            "annotations": {},
            "binary_authorization": [],
            "client": "",
            "client_version": "",
            "conditions": [
              {
                "execution_reason": "",
                "last_transition_time": "2026-01-14T11:13:05.708980Z",
                "message": "",
                "reason": "",
                "revision_reason": "",
                "severity": "",
                "state": "CONDITION_SUCCEEDED",
                "type": "RoutesReady"
              },
              {
                "execution_reason": "",
                "last_transition_time": "2026-01-14T11:13:04.463917Z",
                "message": "",
                "reason": "",
                "revision_reason": "",
                "severity": "",
                "state": "CONDITION_SUCCEEDED",
                "type": "ConfigurationsReady"
              }
            ],
            "create_time": "2026-01-14T10:46:02.971693Z",
            "creator": "devin@catuns.xyz",
            "custom_audiences": [],
            "delete_time": "",
            "description": "",
            "effective_annotations": {},
            "effective_labels": {
              "environment": "dev",
              "managed_by": "terraform",
              "project": "edupulse",
              "service": "quiz-service",
              "team": "platform",
              "terraform": "true"
            },
            "etag": "\"CISFpMsGEICN7sMC/cHJvamVjdHMvZWR1cHVsc2UtNDgzMjIwL2xvY2F0aW9ucy91cy1jZW50cmFsMS9zZXJ2aWNlcy9xdWl6LXNlcnZpY2U\"",
            "expire_time": "",
            "generation": "3",
            "id": "projects/edupulse-483220/locations/us-central1/services/quiz-service",
            "ingress": "INGRESS_TRAFFIC_ALL",
            "labels": {
              "environment": "dev",
              "managed_by": "terraform",
              "project": "edupulse",
              "service": "quiz-service",
              "team": "platform",
              "terraform": "true"
            },
            "last_modifier": "devin@catuns.xyz",
            "latest_created_revision": "projects/edupulse-483220/locations/us-central1/services/quiz-service/revisions/quiz-service-00002-2nk",
            "latest_ready_revision": "projects/edupulse-483220/locations/us-central1/services/quiz-service/revisions/quiz-service-00002-2nk",
            "launch_stage": "GA",
            "location": "us-central1",
            "name": "quiz-service",
            "observed_generation": "3",
            "project": "edupulse-483220",
            "reconciling": false,
            "template": [
              {
                "annotations": {},
                "containers": [
                  {
                    "args": [],
                    "command": [],
                    "depends_on": [],
                    "env": [
                      {
                        "name": "GCP_PROJECT_ID",
                        "value": "edupulse-483220",
                        "value_source": []
                      },
                      {
                        "name": "GCP_REGION",
                        "value": "us-central1",
                        "value_source": []
                      },
                      {
                        "name": "GEMINI_MODEL",
                        "value": "gemini-2.5-flash",
                        "value_source": []
                      },
                      {
                        "name": "LOGGING_LEVEL_ROOT",
                        "value": "INFO",
                        "value_source": []
                      },
                      {
                        "name": "SERVER_PORT",
                        "value": "8080",
                        "value_source": []
                      },
                      {
                        "name": "SPRING_PROFILES_ACTIVE",
                        "value": "prod",
                        "value_source": []
                      },
                      {
                        "name": "BOOTSTRAP_SERVERS",
                        "value": "",
                        "value_source": [
                          {
                            "secret_key_ref": [
                              {
                                "secret": "kafka-bootstrap-servers",
                                "version": "latest"
                              }
                            ]
                          }
                        ]
                      },
                      {
                        "name": "DATABASE_HOST",
                        "value": "",
                        "value_source": [
                          {
                            "secret_key_ref": [
                              {
                                "secret": "postgres-host",
                                "version": "latest"
                              }
                            ]
                          }
                        ]
                      },
                      {
                        "name": "DATABASE_NAME",
                        "value": "",
                        "value_source": [
                          {
                            "secret_key_ref": [
                              {
                                "secret": "postgres-database",
                                "version": "latest"
                              }
                            ]
                          }
                        ]
                      },
                      {
                        "name": "DATABASE_PASSWORD",
                        "value": "",
                        "value_source": [
                          {
                            "secret_key_ref": [
                              {
                                "secret": "postgres-password",
                                "version": "latest"
                              }
                            ]
                          }
                        ]
                      },
                      {
                        "name": "DATABASE_USER",
                        "value": "",
                        "value_source": [
                          {
                            "secret_key_ref": [
                              {
                                "secret": "postgres-user",
                                "version": "latest"
                              }
                            ]
                          }
                        ]
                      },
                      {
                        "name": "JWT_SECRET",
                        "value": "",
                        "value_source": [
                          {
                            "secret_key_ref": [
                              {
                                "secret": "jwt-signing-key",
                                "version": "latest"
                              }
                            ]
                          }
                        ]
                      },
                      {
                        "name": "KAFKA_API_KEY",
                        "value": "",
                        "value_source": [
                          {
                            "secret_key_ref": [
                              {
                                "secret": "kafka-api-key",
                                "version": "latest"
                              }
                            ]
                          }
                        ]
                      },
                      {
                        "name": "KAFKA_API_SECRET",
                        "value": "",
                        "value_source": [
                          {
                            "secret_key_ref": [
                              {
                                "secret": "kafka-api-secret",
                                "version": "latest"
                              }
                            ]
                          }
                        ]
                      },
                      {
                        "name": "SCHEMA_REGISTRY_API_KEY",
                        "value": "",
                        "value_source": [
                          {
                            "secret_key_ref": [
                              {
                                "secret": "schema-registry-api-key",
                                "version": "latest"
                              }
                            ]
                          }
                        ]
                      },
                      {
                        "name": "SCHEMA_REGISTRY_API_SECRET",
                        "value": "",
                        "value_source": [
                          {
                            "secret_key_ref": [
                              {
                                "secret": "schema-registry-api-secret",
                                "version": "latest"
                              }
                            ]
                          }
                        ]
                      },
                      {
                        "name": "SCHEMA_REGISTRY_URL",
                        "value": "",
                        "value_source": [
                          {
                            "secret_key_ref": [
                              {
                                "secret": "schema-registry-url",
                                "version": "latest"
                              }
                            ]
                          }
                        ]
                      }
                    ],
                    "image": "us-central1-docker.pkg.dev/edupulse-483220/edupulse/quiz-service:latest",
                    "liveness_probe": [
                      {
                        "failure_threshold": 3,
                        "grpc": [],
                        "http_get": [
                          {
                            "http_headers": [],
                            "path": "/actuator/health/liveness",
                            "port": 8080
                          }
                        ],
                        "initial_delay_seconds": 0,
                        "period_seconds": 10,
                        "tcp_socket": [],
                        "timeout_seconds": 3
                      }
                    ],
                    "name": "",
                    "ports": [
                      {
                        "container_port": 8080,
                        "name": "http1"
                      }
                    ],
                    "resources": [
                      {
                        "cpu_idle": false,
                        "limits": {
                          "cpu": "1000m",
                          "memory": "1Gi"
                        },
                        "startup_cpu_boost": true
                      }
                    ],
                    "startup_probe": [
                      {
                        "failure_threshold": 3,
                        "grpc": [],
                        "http_get": [
                          {
                            "http_headers": [],
                            "path": "/actuator/health/readiness",
                            "port": 8080
                          }
                        ],
                        "initial_delay_seconds": 0,
                        "period_seconds": 10,
                        "tcp_socket": [],
                        "timeout_seconds": 3
                      }
                    ],
                    "volume_mounts": [],
                    "working_dir": ""
                  }
                ],
                "encryption_key": "",
                "execution_environment": "",
                "labels": {},
                "max_instance_request_concurrency": 80,
                "revision": "",
                "scaling": [
                  {
                    "max_instance_count": 10,
                    "min_instance_count": 0
                  }
                ],
                "service_account": "quiz-service-sa@edupulse-483220.iam.gserviceaccount.com",
                "session_affinity": false,
                "timeout": "60s",
                "volumes": [],
                "vpc_access": []
              }
            ],
            "terminal_condition": [
              {
                "execution_reason": "",
                "last_transition_time": "2026-01-14T11:13:05.736573Z",
                "message": "",
                "reason": "",
                "revision_reason": "",
                "severity": "",
                "state": "CONDITION_SUCCEEDED",
                "type": "Ready"
              }
            ],
            "terraform_labels": {
              "environment": "dev",
              "managed_by": "terraform",
              "project": "edupulse",
              "service": "quiz-service",
              "team": "platform",
              "terraform": "true"
            },
            "timeouts": null,
            "traffic": [
              {
                "percent": 100,
                "revision": "",
                "tag": "",
                "type": "TRAFFIC_TARGET_ALLOCATION_TYPE_LATEST"
              }
            ],
            "traffic_statuses": [
              {
                "percent": 100,
                "revision": "",
                "tag": "",
                "type": "TRAFFIC_TARGET_ALLOCATION_TYPE_LATEST",
                "uri": ""
              }
            ],
            "uid": "1aeb8c98-6110-4692-9727-2880397bdfef",
            "update_time": "2026-01-15T15:06:44.679184Z",
            "uri": "https://quiz-service-r76opvru7a-uc.a.run.app"
          },
          "sensitive_attributes": [],
          "identity_schema_version": 0,
          "private": "eyJlMmJmYjczMC1lY2FhLTExZTYtOGY4OC0zNDM2M2JjN2M0YzAiOnsiY3JlYXRlIjoxMjAwMDAwMDAwMDAwLCJkZWxldGUiOjEyMDAwMDAwMDAwMDAsInVwZGF0ZSI6MTIwMDAwMDAwMDAwMH19",
          "dependencies": [
            "google_project_service.required_apis",
            "module.artifact_registry.google_artifact_registry_repository.main",
            "module.cloud_run_services.google_project_service.cloudrun_api",
            "module.iam.google_project_iam_member.artifact_registry_reader",
            "module.iam.google_project_iam_member.custom_roles",
            "module.iam.google_project_iam_member.vertex_ai_prediction",
            "module.iam.google_project_iam_member.vertex_ai_user",
            "module.iam.google_secret_manager_secret_iam_member.secret_access",
            "module.iam.google_service_account.service_accounts",
            "module.iam.google_service_account_iam_member.token_creator",
            "module.iam.google_service_account_iam_member.workload_identity",
            "module.secret_manager.google_project_service.secretmanager_api",
            "module.secret_manager.google_secret_manager_secret.secrets",
            "module.secret_manager.google_secret_manager_secret_iam_member.secret_accessors",
            "module.secret_manager.google_secret_manager_secret_version.secret_versions"
          ]
        }
      ]
    },
    {
      "module": "module.cloud_run_services[\"quiz-service\"]",
      "mode": "managed",
      "type": "google_cloud_run_v2_service_iam_member",
      "name": "public_access",
      "provider": "provider[\"registry.terraform.io/hashicorp/google\"]",
      "instances": [
        {
          "index_key": 0,
          "schema_version": 0,
          "attributes": {
            "condition": [],
            "etag": "BwZIVtJjK7E=",
            "id": "projects/edupulse-483220/locations/us-central1/services/quiz-service/roles/run.invoker/allUsers",
            "location": "us-central1",
            "member": "allUsers",
            "name": "projects/edupulse-483220/locations/us-central1/services/quiz-service",
            "project": "edupulse-483220",
            "role": "roles/run.invoker"
          },
          "sensitive_attributes": [],
          "identity_schema_version": 0,
          "private": "bnVsbA==",
          "dependencies": [
            "google_project_service.required_apis",
            "module.artifact_registry.google_artifact_registry_repository.main",
            "module.cloud_run_services.google_cloud_run_v2_service.service",
            "module.cloud_run_services.google_project_service.cloudrun_api",
            "module.iam.google_project_iam_member.artifact_registry_reader",
            "module.iam.google_project_iam_member.custom_roles",
            "module.iam.google_project_iam_member.vertex_ai_prediction",
            "module.iam.google_project_iam_member.vertex_ai_user",
            "module.iam.google_secret_manager_secret_iam_member.secret_access",
            "module.iam.google_service_account.service_accounts",
            "module.iam.google_service_account_iam_member.token_creator",
            "module.iam.google_service_account_iam_member.workload_identity",
            "module.secret_manager.google_project_service.secretmanager_api",
            "module.secret_manager.google_secret_manager_secret.secrets",
            "module.secret_manager.google_secret_manager_secret_iam_member.secret_accessors",
            "module.secret_manager.google_secret_manager_secret_version.secret_versions"
          ]
        }
      ]
    },
    {
      "module": "module.cloud_run_services[\"quiz-service\"]",
      "mode": "managed",
      "type": "google_project_service",
      "name": "cloudrun_api",
      "provider": "provider[\"registry.terraform.io/hashicorp/google\"]",
      "instances": [
        {
          "schema_version": 0,
          "attributes": {
            "disable_dependent_services": null,
            "disable_on_destroy": false,
            "id": "edupulse-483220/run.googleapis.com",
            "project": "edupulse-483220",
            "service": "run.googleapis.com",
            "timeouts": null
          },
          "sensitive_attributes": [],
          "identity_schema_version": 0,
          "private": "eyJlMmJmYjczMC1lY2FhLTExZTYtOGY4OC0zNDM2M2JjN2M0YzAiOnsiY3JlYXRlIjoxMjAwMDAwMDAwMDAwLCJkZWxldGUiOjEyMDAwMDAwMDAwMDAsInJlYWQiOjYwMDAwMDAwMDAwMCwidXBkYXRlIjoxMjAwMDAwMDAwMDAwfX0=",
          "dependencies": [
            "google_project_service.required_apis",
            "module.artifact_registry.google_artifact_registry_repository.main",
            "module.iam.google_project_iam_member.artifact_registry_reader",
            "module.iam.google_project_iam_member.custom_roles",
            "module.iam.google_project_iam_member.vertex_ai_prediction",
            "module.iam.google_project_iam_member.vertex_ai_user",
            "module.iam.google_secret_manager_secret_iam_member.secret_access",
            "module.iam.google_service_account.service_accounts",
            "module.iam.google_service_account_iam_member.token_creator",
            "module.iam.google_service_account_iam_member.workload_identity",
            "module.secret_manager.google_project_service.secretmanager_api",
            "module.secret_manager.google_secret_manager_secret.secrets",
            "module.secret_manager.google_secret_manager_secret_iam_member.secret_accessors",
            "module.secret_manager.google_secret_manager_secret_version.secret_versions"
          ]
        }
      ]
    },
    {
      "module": "module.iam",
      "mode": "managed",
      "type": "google_project_iam_member",
      "name": "vertex_ai_prediction",
      "provider": "provider[\"registry.terraform.io/hashicorp/google\"]",
      "instances": [
        {
          "index_key": "quiz-service",
          "schema_version": 0,
          "attributes": {
            "condition": [],
            "etag": "BwZIVd97fc4=",
            "id": "edupulse-483220/roles/aiplatform.serviceAgent/serviceAccount:quiz-service-sa@edupulse-483220.iam.gserviceaccount.com",
            "member": "serviceAccount:quiz-service-sa@edupulse-483220.iam.gserviceaccount.com",
            "project": "edupulse-483220",
            "role": "roles/aiplatform.serviceAgent"
          },
          "sensitive_attributes": [],
          "identity_schema_version": 0,
          "private": "bnVsbA==",
          "dependencies": [
            "google_project_service.required_apis",
            "module.iam.google_service_account.service_accounts",
            "module.secret_manager.google_project_service.secretmanager_api",
            "module.secret_manager.google_secret_manager_secret.secrets",
            "module.secret_manager.google_secret_manager_secret_iam_member.secret_accessors",
            "module.secret_manager.google_secret_manager_secret_version.secret_versions"
          ]
        }
      ]
    },
    {
      "module": "module.iam",
      "mode": "managed",
      "type": "google_project_iam_member",
      "name": "vertex_ai_user",
      "provider": "provider[\"registry.terraform.io/hashicorp/google\"]",
      "instances": [
        {
          "index_key": "quiz-service",
          "schema_version": 0,
          "attributes": {
            "condition": [],
            "etag": "BwZIVd97fc4=",
            "id": "edupulse-483220/roles/aiplatform.user/serviceAccount:quiz-service-sa@edupulse-483220.iam.gserviceaccount.com",
            "member": "serviceAccount:quiz-service-sa@edupulse-483220.iam.gserviceaccount.com",
            "project": "edupulse-483220",
            "role": "roles/aiplatform.user"
          },
          "sensitive_attributes": [],
          "identity_schema_version": 0,
          "private": "bnVsbA==",
          "dependencies": [
            "google_project_service.required_apis",
            "module.iam.google_service_account.service_accounts",
            "module.secret_manager.google_project_service.secretmanager_api",
            "module.secret_manager.google_secret_manager_secret.secrets",
            "module.secret_manager.google_secret_manager_secret_iam_member.secret_accessors",
            "module.secret_manager.google_secret_manager_secret_version.secret_versions"
          ]
        }
      ]
    },
    {
      "module": "module.iam",
      "mode": "managed",
      "type": "google_secret_manager_secret_iam_member",
      "name": "secret_access",
      "provider": "provider[\"registry.terraform.io/hashicorp/google\"]",
      "instances": [
        {
          "index_key": "engagement-service:kafka-api-key",
          "schema_version": 0,
          "attributes": {
            "condition": [],
            "etag": "BwZIbpIWq+c=",
            "id": "projects/edupulse-483220/secrets/kafka-api-key/roles/secretmanager.secretAccessor/serviceAccount:engagement-service-sa@edupulse-483220.iam.gserviceaccount.com",
            "member": "serviceAccount:engagement-service-sa@edupulse-483220.iam.gserviceaccount.com",
            "project": "edupulse-483220",
            "role": "roles/secretmanager.secretAccessor",
            "secret_id": "projects/edupulse-483220/secrets/kafka-api-key"
          },
          "sensitive_attributes": [],
          "identity_schema_version": 0,
          "private": "bnVsbA==",
          "dependencies": [
            "google_project_service.required_apis",
            "module.iam.google_service_account.service_accounts",
            "module.secret_manager.google_project_service.secretmanager_api",
            "module.secret_manager.google_secret_manager_secret.secrets",
            "module.secret_manager.google_secret_manager_secret_iam_member.secret_accessors",
            "module.secret_manager.google_secret_manager_secret_version.secret_versions"
          ]
        },
        {
          "index_key": "engagement-service:kafka-api-secret",
          "schema_version": 0,
          "attributes": {
            "condition": [],
            "etag": "BwZIbpIWcRk=",
            "id": "projects/edupulse-483220/secrets/kafka-api-secret/roles/secretmanager.secretAccessor/serviceAccount:engagement-service-sa@edupulse-483220.iam.gserviceaccount.com",
            "member": "serviceAccount:engagement-service-sa@edupulse-483220.iam.gserviceaccount.com",
            "project": "edupulse-483220",
            "role": "roles/secretmanager.secretAccessor",
            "secret_id": "projects/edupulse-483220/secrets/kafka-api-secret"
          },
          "sensitive_attributes": [],
          "identity_schema_version": 0,
          "private": "bnVsbA==",
          "dependencies": [
            "google_project_service.required_apis",
            "module.iam.google_service_account.service_accounts",
            "module.secret_manager.google_project_service.secretmanager_api",
            "module.secret_manager.google_secret_manager_secret.secrets",
            "module.secret_manager.google_secret_manager_secret_iam_member.secret_accessors",
            "module.secret_manager.google_secret_manager_secret_version.secret_versions"
          ]
        },
        {
          "index_key": "engagement-service:kafka-bootstrap-servers",
          "schema_version": 0,
          "attributes": {
            "condition": [],
            "etag": "BwZIbpIW2RE=",
            "id": "projects/edupulse-483220/secrets/kafka-bootstrap-servers/roles/secretmanager.secretAccessor/serviceAccount:engagement-service-sa@edupulse-483220.iam.gserviceaccount.com",
            "member": "serviceAccount:engagement-service-sa@edupulse-483220.iam.gserviceaccount.com",
            "project": "edupulse-483220",
            "role": "roles/secretmanager.secretAccessor",
            "secret_id": "projects/edupulse-483220/secrets/kafka-bootstrap-servers"
          },
          "sensitive_attributes": [],
          "identity_schema_version": 0,
          "private": "bnVsbA==",
          "dependencies": [
            "google_project_service.required_apis",
            "module.iam.google_service_account.service_accounts",
            "module.secret_manager.google_project_service.secretmanager_api",
            "module.secret_manager.google_secret_manager_secret.secrets",
            "module.secret_manager.google_secret_manager_secret_iam_member.secret_accessors",
            "module.secret_manager.google_secret_manager_secret_version.secret_versions"
          ]
        },
        {
          "index_key": "engagement-service:schema-registry-api-key",
          "schema_version": 0,
          "attributes": {
            "condition": [],
            "etag": "BwZIbpIW2i0=",
            "id": "projects/edupulse-483220/secrets/schema-registry-api-key/roles/secretmanager.secretAccessor/serviceAccount:engagement-service-sa@edupulse-483220.iam.gserviceaccount.com",
            "member": "serviceAccount:engagement-service-sa@edupulse-483220.iam.gserviceaccount.com",
            "project": "edupulse-483220",
            "role": "roles/secretmanager.secretAccessor",
            "secret_id": "projects/edupulse-483220/secrets/schema-registry-api-key"
          },
          "sensitive_attributes": [],
          "identity_schema_version": 0,
          "private": "bnVsbA==",
          "dependencies": [
            "google_project_service.required_apis",
            "module.iam.google_service_account.service_accounts",
            "module.secret_manager.google_project_service.secretmanager_api",
            "module.secret_manager.google_secret_manager_secret.secrets",
            "module.secret_manager.google_secret_manager_secret_iam_member.secret_accessors",
            "module.secret_manager.google_secret_manager_secret_version.secret_versions"
          ]
        },
        {
          "index_key": "engagement-service:schema-registry-api-secret",
          "schema_version": 0,
          "attributes": {
            "condition": [],
            "etag": "BwZIbpIdGoI=",
            "id": "projects/edupulse-483220/secrets/schema-registry-api-secret/roles/secretmanager.secretAccessor/serviceAccount:engagement-service-sa@edupulse-483220.iam.gserviceaccount.com",
            "member": "serviceAccount:engagement-service-sa@edupulse-483220.iam.gserviceaccount.com",
            "project": "edupulse-483220",
            "role": "roles/secretmanager.secretAccessor",
            "secret_id": "projects/edupulse-483220/secrets/schema-registry-api-secret"
          },
          "sensitive_attributes": [],
          "identity_schema_version": 0,
          "private": "bnVsbA==",
          "dependencies": [
            "google_project_service.required_apis",
            "module.iam.google_service_account.service_accounts",
            "module.secret_manager.google_project_service.secretmanager_api",
            "module.secret_manager.google_secret_manager_secret.secrets",
            "module.secret_manager.google_secret_manager_secret_iam_member.secret_accessors",
            "module.secret_manager.google_secret_manager_secret_version.secret_versions"
          ]
        },
        {
          "index_key": "engagement-service:schema-registry-url",
          "schema_version": 0,
          "attributes": {
            "condition": [],
            "etag": "BwZIbpIWaX4=",
            "id": "projects/edupulse-483220/secrets/schema-registry-url/roles/secretmanager.secretAccessor/serviceAccount:engagement-service-sa@edupulse-483220.iam.gserviceaccount.com",
            "member": "serviceAccount:engagement-service-sa@edupulse-483220.iam.gserviceaccount.com",
            "project": "edupulse-483220",
            "role": "roles/secretmanager.secretAccessor",
            "secret_id": "projects/edupulse-483220/secrets/schema-registry-url"
          },
          "sensitive_attributes": [],
          "identity_schema_version": 0,
          "private": "bnVsbA==",
          "dependencies": [
            "google_project_service.required_apis",
            "module.iam.google_service_account.service_accounts",
            "module.secret_manager.google_project_service.secretmanager_api",
            "module.secret_manager.google_secret_manager_secret.secrets",
            "module.secret_manager.google_secret_manager_secret_iam_member.secret_accessors",
            "module.secret_manager.google_secret_manager_secret_version.secret_versions"
          ]
        },
        {
          "index_key": "quiz-service:jwt-signing-key",
          "schema_version": 0,
          "attributes": {
            "condition": [],
            "etag": "BwZIVtBBxus=",
            "id": "projects/edupulse-483220/secrets/jwt-signing-key/roles/secretmanager.secretAccessor/serviceAccount:quiz-service-sa@edupulse-483220.iam.gserviceaccount.com",
            "member": "serviceAccount:quiz-service-sa@edupulse-483220.iam.gserviceaccount.com",
            "project": "edupulse-483220",
            "role": "roles/secretmanager.secretAccessor",
            "secret_id": "projects/edupulse-483220/secrets/jwt-signing-key"
          },
          "sensitive_attributes": [],
          "identity_schema_version": 0,
          "private": "bnVsbA==",
          "dependencies": [
            "google_project_service.required_apis",
            "module.iam.google_service_account.service_accounts",
            "module.secret_manager.google_project_service.secretmanager_api",
            "module.secret_manager.google_secret_manager_secret.secrets",
            "module.secret_manager.google_secret_manager_secret_iam_member.secret_accessors",
            "module.secret_manager.google_secret_manager_secret_version.secret_versions"
          ]
        },
        {
          "index_key": "quiz-service:kafka-api-key",
          "schema_version": 0,
          "attributes": {
            "condition": [],
            "etag": "BwZIbpIWq+c=",
            "id": "projects/edupulse-483220/secrets/kafka-api-key/roles/secretmanager.secretAccessor/serviceAccount:quiz-service-sa@edupulse-483220.iam.gserviceaccount.com",
            "member": "serviceAccount:quiz-service-sa@edupulse-483220.iam.gserviceaccount.com",
            "project": "edupulse-483220",
            "role": "roles/secretmanager.secretAccessor",
            "secret_id": "projects/edupulse-483220/secrets/kafka-api-key"
          },
          "sensitive_attributes": [],
          "identity_schema_version": 0,
          "private": "bnVsbA==",
          "dependencies": [
            "google_project_service.required_apis",
            "module.iam.google_service_account.service_accounts",
            "module.secret_manager.google_project_service.secretmanager_api",
            "module.secret_manager.google_secret_manager_secret.secrets",
            "module.secret_manager.google_secret_manager_secret_iam_member.secret_accessors",
            "module.secret_manager.google_secret_manager_secret_version.secret_versions"
          ]
        },
        {
          "index_key": "quiz-service:kafka-api-secret",
          "schema_version": 0,
          "attributes": {
            "condition": [],
            "etag": "BwZIbpIWcRk=",
            "id": "projects/edupulse-483220/secrets/kafka-api-secret/roles/secretmanager.secretAccessor/serviceAccount:quiz-service-sa@edupulse-483220.iam.gserviceaccount.com",
            "member": "serviceAccount:quiz-service-sa@edupulse-483220.iam.gserviceaccount.com",
            "project": "edupulse-483220",
            "role": "roles/secretmanager.secretAccessor",
            "secret_id": "projects/edupulse-483220/secrets/kafka-api-secret"
          },
          "sensitive_attributes": [],
          "identity_schema_version": 0,
          "private": "bnVsbA==",
          "dependencies": [
            "google_project_service.required_apis",
            "module.iam.google_service_account.service_accounts",
            "module.secret_manager.google_project_service.secretmanager_api",
            "module.secret_manager.google_secret_manager_secret.secrets",
            "module.secret_manager.google_secret_manager_secret_iam_member.secret_accessors",
            "module.secret_manager.google_secret_manager_secret_version.secret_versions"
          ]
        },
        {
          "index_key": "quiz-service:kafka-bootstrap-servers",
          "schema_version": 0,
          "attributes": {
            "condition": [],
            "etag": "BwZIbpIW2RE=",
            "id": "projects/edupulse-483220/secrets/kafka-bootstrap-servers/roles/secretmanager.secretAccessor/serviceAccount:quiz-service-sa@edupulse-483220.iam.gserviceaccount.com",
            "member": "serviceAccount:quiz-service-sa@edupulse-483220.iam.gserviceaccount.com",
            "project": "edupulse-483220",
            "role": "roles/secretmanager.secretAccessor",
            "secret_id": "projects/edupulse-483220/secrets/kafka-bootstrap-servers"
          },
          "sensitive_attributes": [],
          "identity_schema_version": 0,
          "private": "bnVsbA==",
          "dependencies": [
            "google_project_service.required_apis",
            "module.iam.google_service_account.service_accounts",
            "module.secret_manager.google_project_service.secretmanager_api",
            "module.secret_manager.google_secret_manager_secret.secrets",
            "module.secret_manager.google_secret_manager_secret_iam_member.secret_accessors",
            "module.secret_manager.google_secret_manager_secret_version.secret_versions"
          ]
        },
        {
          "index_key": "quiz-service:postgres-database",
          "schema_version": 0,
          "attributes": {
            "condition": [],
            "etag": "BwZIU9qs1PE=",
            "id": "projects/edupulse-483220/secrets/postgres-database/roles/secretmanager.secretAccessor/serviceAccount:quiz-service-sa@edupulse-483220.iam.gserviceaccount.com",
            "member": "serviceAccount:quiz-service-sa@edupulse-483220.iam.gserviceaccount.com",
            "project": "edupulse-483220",
            "role": "roles/secretmanager.secretAccessor",
            "secret_id": "projects/edupulse-483220/secrets/postgres-database"
          },
          "sensitive_attributes": [],
          "identity_schema_version": 0,
          "private": "bnVsbA==",
          "dependencies": [
            "google_project_service.required_apis",
            "module.iam.google_service_account.service_accounts",
            "module.secret_manager.google_project_service.secretmanager_api",
            "module.secret_manager.google_secret_manager_secret.secrets",
            "module.secret_manager.google_secret_manager_secret_iam_member.secret_accessors",
            "module.secret_manager.google_secret_manager_secret_version.secret_versions"
          ]
        },
        {
          "index_key": "quiz-service:postgres-host",
          "schema_version": 0,
          "attributes": {
            "condition": [],
            "etag": "BwZIU9qt0iI=",
            "id": "projects/edupulse-483220/secrets/postgres-host/roles/secretmanager.secretAccessor/serviceAccount:quiz-service-sa@edupulse-483220.iam.gserviceaccount.com",
            "member": "serviceAccount:quiz-service-sa@edupulse-483220.iam.gserviceaccount.com",
            "project": "edupulse-483220",
            "role": "roles/secretmanager.secretAccessor",
            "secret_id": "projects/edupulse-483220/secrets/postgres-host"
          },
          "sensitive_attributes": [],
          "identity_schema_version": 0,
          "private": "bnVsbA==",
          "dependencies": [
            "google_project_service.required_apis",
            "module.iam.google_service_account.service_accounts",
            "module.secret_manager.google_project_service.secretmanager_api",
            "module.secret_manager.google_secret_manager_secret.secrets",
            "module.secret_manager.google_secret_manager_secret_iam_member.secret_accessors",
            "module.secret_manager.google_secret_manager_secret_version.secret_versions"
          ]
        },
        {
          "index_key": "quiz-service:postgres-password",
          "schema_version": 0,
          "attributes": {
            "condition": [],
            "etag": "BwZIU9qqAiQ=",
            "id": "projects/edupulse-483220/secrets/postgres-password/roles/secretmanager.secretAccessor/serviceAccount:quiz-service-sa@edupulse-483220.iam.gserviceaccount.com",
            "member": "serviceAccount:quiz-service-sa@edupulse-483220.iam.gserviceaccount.com",
            "project": "edupulse-483220",
            "role": "roles/secretmanager.secretAccessor",
            "secret_id": "projects/edupulse-483220/secrets/postgres-password"
          },
          "sensitive_attributes": [],
          "identity_schema_version": 0,
          "private": "bnVsbA==",
          "dependencies": [
            "google_project_service.required_apis",
            "module.iam.google_service_account.service_accounts",
            "module.secret_manager.google_project_service.secretmanager_api",
            "module.secret_manager.google_secret_manager_secret.secrets",
            "module.secret_manager.google_secret_manager_secret_iam_member.secret_accessors",
            "module.secret_manager.google_secret_manager_secret_version.secret_versions"
          ]
        },
        {
          "index_key": "quiz-service:postgres-user",
          "schema_version": 0,
          "attributes": {
            "condition": [],
            "etag": "BwZIU9qridU=",
            "id": "projects/edupulse-483220/secrets/postgres-user/roles/secretmanager.secretAccessor/serviceAccount:quiz-service-sa@edupulse-483220.iam.gserviceaccount.com",
            "member": "serviceAccount:quiz-service-sa@edupulse-483220.iam.gserviceaccount.com",
            "project": "edupulse-483220",
            "role": "roles/secretmanager.secretAccessor",
            "secret_id": "projects/edupulse-483220/secrets/postgres-user"
          },
          "sensitive_attributes": [],
          "identity_schema_version": 0,
          "private": "bnVsbA==",
          "dependencies": [
            "google_project_service.required_apis",
            "module.iam.google_service_account.service_accounts",
            "module.secret_manager.google_project_service.secretmanager_api",
            "module.secret_manager.google_secret_manager_secret.secrets",
            "module.secret_manager.google_secret_manager_secret_iam_member.secret_accessors",
            "module.secret_manager.google_secret_manager_secret_version.secret_versions"
          ]
        },
        {
          "index_key": "quiz-service:schema-registry-api-key",
          "schema_version": 0,
          "attributes": {
            "condition": [],
            "etag": "BwZIbpIW2i0=",
            "id": "projects/edupulse-483220/secrets/schema-registry-api-key/roles/secretmanager.secretAccessor/serviceAccount:quiz-service-sa@edupulse-483220.iam.gserviceaccount.com",
            "member": "serviceAccount:quiz-service-sa@edupulse-483220.iam.gserviceaccount.com",
            "project": "edupulse-483220",
            "role": "roles/secretmanager.secretAccessor",
            "secret_id": "projects/edupulse-483220/secrets/schema-registry-api-key"
          },
          "sensitive_attributes": [],
          "identity_schema_version": 0,
          "private": "bnVsbA==",
          "dependencies": [
            "google_project_service.required_apis",
            "module.iam.google_service_account.service_accounts",
            "module.secret_manager.google_project_service.secretmanager_api",
            "module.secret_manager.google_secret_manager_secret.secrets",
            "module.secret_manager.google_secret_manager_secret_iam_member.secret_accessors",
            "module.secret_manager.google_secret_manager_secret_version.secret_versions"
          ]
        },
        {
          "index_key": "quiz-service:schema-registry-api-secret",
          "schema_version": 0,
          "attributes": {
            "condition": [],
            "etag": "BwZIbpIdGoI=",
            "id": "projects/edupulse-483220/secrets/schema-registry-api-secret/roles/secretmanager.secretAccessor/serviceAccount:quiz-service-sa@edupulse-483220.iam.gserviceaccount.com",
            "member": "serviceAccount:quiz-service-sa@edupulse-483220.iam.gserviceaccount.com",
            "project": "edupulse-483220",
            "role": "roles/secretmanager.secretAccessor",
            "secret_id": "projects/edupulse-483220/secrets/schema-registry-api-secret"
          },
          "sensitive_attributes": [],
          "identity_schema_version": 0,
          "private": "bnVsbA==",
          "dependencies": [
            "google_project_service.required_apis",
            "module.iam.google_service_account.service_accounts",
            "module.secret_manager.google_project_service.secretmanager_api",
            "module.secret_manager.google_secret_manager_secret.secrets",
            "module.secret_manager.google_secret_manager_secret_iam_member.secret_accessors",
            "module.secret_manager.google_secret_manager_secret_version.secret_versions"
          ]
        },
        {
          "index_key": "quiz-service:schema-registry-url",
          "schema_version": 0,
          "attributes": {
            "condition": [],
            "etag": "BwZIbpIWaX4=",
            "id": "projects/edupulse-483220/secrets/schema-registry-url/roles/secretmanager.secretAccessor/serviceAccount:quiz-service-sa@edupulse-483220.iam.gserviceaccount.com",
            "member": "serviceAccount:quiz-service-sa@edupulse-483220.iam.gserviceaccount.com",
            "project": "edupulse-483220",
            "role": "roles/secretmanager.secretAccessor",
            "secret_id": "projects/edupulse-483220/secrets/schema-registry-url"
          },
          "sensitive_attributes": [],
          "identity_schema_version": 0,
          "private": "bnVsbA==",
          "dependencies": [
            "google_project_service.required_apis",
            "module.iam.google_service_account.service_accounts",
            "module.secret_manager.google_project_service.secretmanager_api",
            "module.secret_manager.google_secret_manager_secret.secrets",
            "module.secret_manager.google_secret_manager_secret_iam_member.secret_accessors",
            "module.secret_manager.google_secret_manager_secret_version.secret_versions"
          ]
        }
      ]
    },
    {
      "module": "module.iam",
      "mode": "managed",
      "type": "google_service_account",
      "name": "service_accounts",
      "provider": "provider[\"registry.terraform.io/hashicorp/google\"]",
      "instances": [
        {
          "index_key": "engagement-service",
          "schema_version": 0,
          "attributes": {
            "account_id": "engagement-service-sa",
            "create_ignore_already_exists": null,
            "description": "Service account for engagement-service in dev environment",
            "disabled": false,
            "display_name": "Service Account for engagement-service",
            "email": "engagement-service-sa@edupulse-483220.iam.gserviceaccount.com",
            "id": "projects/edupulse-483220/serviceAccounts/engagement-service-sa@edupulse-483220.iam.gserviceaccount.com",
            "member": "serviceAccount:engagement-service-sa@edupulse-483220.iam.gserviceaccount.com",
            "name": "projects/edupulse-483220/serviceAccounts/engagement-service-sa@edupulse-483220.iam.gserviceaccount.com",
            "project": "edupulse-483220",
            "timeouts": null,
            "unique_id": "103977356197876834156"
          },
          "sensitive_attributes": [],
          "identity_schema_version": 0,
          "private": "eyJlMmJmYjczMC1lY2FhLTExZTYtOGY4OC0zNDM2M2JjN2M0YzAiOnsiY3JlYXRlIjozMDAwMDAwMDAwMDB9fQ==",
          "dependencies": [
            "google_project_service.required_apis",
            "module.secret_manager.google_project_service.secretmanager_api",
            "module.secret_manager.google_secret_manager_secret.secrets",
            "module.secret_manager.google_secret_manager_secret_iam_member.secret_accessors",
            "module.secret_manager.google_secret_manager_secret_version.secret_versions"
          ]
        },
        {
          "index_key": "quiz-service",
          "schema_version": 0,
          "attributes": {
            "account_id": "quiz-service-sa",
            "create_ignore_already_exists": null,
            "description": "Service account for quiz-service in dev environment",
            "disabled": false,
            "display_name": "Service Account for quiz-service",
            "email": "quiz-service-sa@edupulse-483220.iam.gserviceaccount.com",
            "id": "projects/edupulse-483220/serviceAccounts/quiz-service-sa@edupulse-483220.iam.gserviceaccount.com",
            "member": "serviceAccount:quiz-service-sa@edupulse-483220.iam.gserviceaccount.com",
            "name": "projects/edupulse-483220/serviceAccounts/quiz-service-sa@edupulse-483220.iam.gserviceaccount.com",
            "project": "edupulse-483220",
            "timeouts": null,
            "unique_id": "115916894692848930156"
          },
          "sensitive_attributes": [],
          "identity_schema_version": 0,
          "private": "eyJlMmJmYjczMC1lY2FhLTExZTYtOGY4OC0zNDM2M2JjN2M0YzAiOnsiY3JlYXRlIjozMDAwMDAwMDAwMDB9fQ==",
          "dependencies": [
            "google_project_service.required_apis",
            "module.secret_manager.google_project_service.secretmanager_api",
            "module.secret_manager.google_secret_manager_secret.secrets",
            "module.secret_manager.google_secret_manager_secret_iam_member.secret_accessors",
            "module.secret_manager.google_secret_manager_secret_version.secret_versions"
          ]
        }
      ]
    },
    {
      "module": "module.secret_manager",
      "mode": "managed",
      "type": "google_project_service",
      "name": "secretmanager_api",
      "provider": "provider[\"registry.terraform.io/hashicorp/google\"]",
      "instances": [
        {
          "schema_version": 0,
          "attributes": {
            "disable_dependent_services": null,
            "disable_on_destroy": false,
            "id": "edupulse-483220/secretmanager.googleapis.com",
            "project": "edupulse-483220",
            "service": "secretmanager.googleapis.com",
            "timeouts": null
          },
          "sensitive_attributes": [],
          "identity_schema_version": 0,
          "private": "eyJlMmJmYjczMC1lY2FhLTExZTYtOGY4OC0zNDM2M2JjN2M0YzAiOnsiY3JlYXRlIjoxMjAwMDAwMDAwMDAwLCJkZWxldGUiOjEyMDAwMDAwMDAwMDAsInJlYWQiOjYwMDAwMDAwMDAwMCwidXBkYXRlIjoxMjAwMDAwMDAwMDAwfX0=",
          "dependencies": [
            "google_project_service.required_apis"
          ]
        }
      ]
    },
    {
      "module": "module.secret_manager",
      "mode": "managed",
      "type": "google_secret_manager_secret",
      "name": "secrets",
      "provider": "provider[\"registry.terraform.io/hashicorp/google\"]",
      "instances": [
        {
          "index_key": "gemini-api-key",
          "schema_version": 0,
          "attributes": {
            "annotations": {},
            "create_time": "2026-01-05T07:19:57.932786Z",
            "effective_annotations": {},
            "effective_labels": {
              "environment": "dev",
              "managed_by": "terraform",
              "project": "edupulse",
              "team": "platform",
              "terraform": "true"
            },
            "expire_time": "",
            "id": "projects/edupulse-483220/secrets/gemini-api-key",
            "labels": {
              "environment": "dev",
              "managed_by": "terraform",
              "project": "edupulse",
              "team": "platform",
              "terraform": "true"
            },
            "name": "projects/10560167884/secrets/gemini-api-key",
            "project": "edupulse-483220",
            "replication": [
              {
                "auto": [
                  {
                    "customer_managed_encryption": []
                  }
                ],
                "user_managed": []
              }
            ],
            "rotation": [],
            "secret_id": "gemini-api-key",
            "terraform_labels": {
              "environment": "dev",
              "managed_by": "terraform",
              "project": "edupulse",
              "team": "platform",
              "terraform": "true"
            },
            "timeouts": null,
            "topics": [],
            "ttl": null,
            "version_aliases": {},
            "version_destroy_ttl": ""
          },
          "sensitive_attributes": [],
          "identity_schema_version": 0,
          "private": "eyJlMmJmYjczMC1lY2FhLTExZTYtOGY4OC0zNDM2M2JjN2M0YzAiOnsiY3JlYXRlIjoxMjAwMDAwMDAwMDAwLCJkZWxldGUiOjEyMDAwMDAwMDAwMDAsInVwZGF0ZSI6MTIwMDAwMDAwMDAwMH19",
          "dependencies": [
            "google_project_service.required_apis",
            "module.secret_manager.google_project_service.secretmanager_api"
          ]
        },
        {
          "index_key": "jwt-signing-key",
          "schema_version": 0,
          "attributes": {
            "annotations": {},
            "create_time": "2026-01-05T07:19:57.381949Z",
            "effective_annotations": {},
            "effective_labels": {
              "environment": "dev",
              "managed_by": "terraform",
              "project": "edupulse",
              "team": "platform",
              "terraform": "true"
            },
            "expire_time": "",
            "id": "projects/edupulse-483220/secrets/jwt-signing-key",
            "labels": {
              "environment": "dev",
              "managed_by": "terraform",
              "project": "edupulse",
              "team": "platform",
              "terraform": "true"
            },
            "name": "projects/10560167884/secrets/jwt-signing-key",
            "project": "edupulse-483220",
            "replication": [
              {
                "auto": [
                  {
                    "customer_managed_encryption": []
                  }
                ],
                "user_managed": []
              }
            ],
            "rotation": [],
            "secret_id": "jwt-signing-key",
            "terraform_labels": {
              "environment": "dev",
              "managed_by": "terraform",
              "project": "edupulse",
              "team": "platform",
              "terraform": "true"
            },
            "timeouts": null,
            "topics": [],
            "ttl": null,
            "version_aliases": {},
            "version_destroy_ttl": ""
          },
          "sensitive_attributes": [],
          "identity_schema_version": 0,
          "private": "eyJlMmJmYjczMC1lY2FhLTExZTYtOGY4OC0zNDM2M2JjN2M0YzAiOnsiY3JlYXRlIjoxMjAwMDAwMDAwMDAwLCJkZWxldGUiOjEyMDAwMDAwMDAwMDAsInVwZGF0ZSI6MTIwMDAwMDAwMDAwMH19",
          "dependencies": [
            "google_project_service.required_apis",
            "module.secret_manager.google_project_service.secretmanager_api"
          ]
        },
        {
          "index_key": "kafka-api-key",
          "schema_version": 0,
          "attributes": {
            "annotations": {},
            "create_time": "2026-01-05T07:19:57.391074Z",
            "effective_annotations": {},
            "effective_labels": {
              "environment": "dev",
              "managed_by": "terraform",
              "project": "edupulse",
              "team": "platform",
              "terraform": "true"
            },
            "expire_time": "",
            "id": "projects/edupulse-483220/secrets/kafka-api-key",
            "labels": {
              "environment": "dev",
              "managed_by": "terraform",
              "project": "edupulse",
              "team": "platform",
              "terraform": "true"
            },
            "name": "projects/10560167884/secrets/kafka-api-key",
            "project": "edupulse-483220",
            "replication": [
              {
                "auto": [
                  {
                    "customer_managed_encryption": []
                  }
                ],
                "user_managed": []
              }
            ],
            "rotation": [],
            "secret_id": "kafka-api-key",
            "terraform_labels": {
              "environment": "dev",
              "managed_by": "terraform",
              "project": "edupulse",
              "team": "platform",
              "terraform": "true"
            },
            "timeouts": null,
            "topics": [],
            "ttl": null,
            "version_aliases": {},
            "version_destroy_ttl": ""
          },
          "sensitive_attributes": [],
          "identity_schema_version": 0,
          "private": "eyJlMmJmYjczMC1lY2FhLTExZTYtOGY4OC0zNDM2M2JjN2M0YzAiOnsiY3JlYXRlIjoxMjAwMDAwMDAwMDAwLCJkZWxldGUiOjEyMDAwMDAwMDAwMDAsInVwZGF0ZSI6MTIwMDAwMDAwMDAwMH19",
          "dependencies": [
            "google_project_service.required_apis",
            "module.secret_manager.google_project_service.secretmanager_api"
          ]
        },
        {
          "index_key": "kafka-api-secret",
          "schema_version": 0,
          "attributes": {
            "annotations": {},
            "create_time": "2026-01-05T07:19:57.413142Z",
            "effective_annotations": {},
            "effective_labels": {
              "environment": "dev",
              "managed_by": "terraform",
              "project": "edupulse",
              "team": "platform",
              "terraform": "true"
            },
            "expire_time": "",
            "id": "projects/edupulse-483220/secrets/kafka-api-secret",
            "labels": {
              "environment": "dev",
              "managed_by": "terraform",
              "project": "edupulse",
              "team": "platform",
              "terraform": "true"
            },
            "name": "projects/10560167884/secrets/kafka-api-secret",
            "project": "edupulse-483220",
            "replication": [
              {
                "auto": [
                  {
                    "customer_managed_encryption": []
                  }
                ],
                "user_managed": []
              }
            ],
            "rotation": [],
            "secret_id": "kafka-api-secret",
            "terraform_labels": {
              "environment": "dev",
              "managed_by": "terraform",
              "project": "edupulse",
              "team": "platform",
              "terraform": "true"
            },
            "timeouts": null,
            "topics": [],
            "ttl": null,
            "version_aliases": {},
            "version_destroy_ttl": ""
          },
          "sensitive_attributes": [],
          "identity_schema_version": 0,
          "private": "eyJlMmJmYjczMC1lY2FhLTExZTYtOGY4OC0zNDM2M2JjN2M0YzAiOnsiY3JlYXRlIjoxMjAwMDAwMDAwMDAwLCJkZWxldGUiOjEyMDAwMDAwMDAwMDAsInVwZGF0ZSI6MTIwMDAwMDAwMDAwMH19",
          "dependencies": [
            "google_project_service.required_apis",
            "module.secret_manager.google_project_service.secretmanager_api"
          ]
        },
        {
          "index_key": "kafka-bootstrap-servers",
          "schema_version": 0,
          "attributes": {
            "annotations": {},
            "create_time": "2026-01-05T07:19:57.437292Z",
            "effective_annotations": {},
            "effective_labels": {
              "environment": "dev",
              "managed_by": "terraform",
              "project": "edupulse",
              "team": "platform",
              "terraform": "true"
            },
            "expire_time": "",
            "id": "projects/edupulse-483220/secrets/kafka-bootstrap-servers",
            "labels": {
              "environment": "dev",
              "managed_by": "terraform",
              "project": "edupulse",
              "team": "platform",
              "terraform": "true"
            },
            "name": "projects/10560167884/secrets/kafka-bootstrap-servers",
            "project": "edupulse-483220",
            "replication": [
              {
                "auto": [
                  {
                    "customer_managed_encryption": []
                  }
                ],
                "user_managed": []
              }
            ],
            "rotation": [],
            "secret_id": "kafka-bootstrap-servers",
            "terraform_labels": {
              "environment": "dev",
              "managed_by": "terraform",
              "project": "edupulse",
              "team": "platform",
              "terraform": "true"
            },
            "timeouts": null,
            "topics": [],
            "ttl": null,
            "version_aliases": {},
            "version_destroy_ttl": ""
          },
          "sensitive_attributes": [],
          "identity_schema_version": 0,
          "private": "eyJlMmJmYjczMC1lY2FhLTExZTYtOGY4OC0zNDM2M2JjN2M0YzAiOnsiY3JlYXRlIjoxMjAwMDAwMDAwMDAwLCJkZWxldGUiOjEyMDAwMDAwMDAwMDAsInVwZGF0ZSI6MTIwMDAwMDAwMDAwMH19",
          "dependencies": [
            "google_project_service.required_apis",
            "module.secret_manager.google_project_service.secretmanager_api"
          ]
        },
        {
          "index_key": "postgres-database",
          "schema_version": 0,
          "attributes": {
            "annotations": {},
            "create_time": "2026-01-05T07:19:57.441266Z",
            "effective_annotations": {},
            "effective_labels": {
              "environment": "dev",
              "managed_by": "terraform",
              "project": "edupulse",
              "team": "platform",
              "terraform": "true"
            },
            "expire_time": "",
            "id": "projects/edupulse-483220/secrets/postgres-database",
            "labels": {
              "environment": "dev",
              "managed_by": "terraform",
              "project": "edupulse",
              "team": "platform",
              "terraform": "true"
            },
            "name": "projects/10560167884/secrets/postgres-database",
            "project": "edupulse-483220",
            "replication": [
              {
                "auto": [
                  {
                    "customer_managed_encryption": []
                  }
                ],
                "user_managed": []
              }
            ],
            "rotation": [],
            "secret_id": "postgres-database",
            "terraform_labels": {
              "environment": "dev",
              "managed_by": "terraform",
              "project": "edupulse",
              "team": "platform",
              "terraform": "true"
            },
            "timeouts": null,
            "topics": [],
            "ttl": null,
            "version_aliases": {},
            "version_destroy_ttl": ""
          },
          "sensitive_attributes": [],
          "identity_schema_version": 0,
          "private": "eyJlMmJmYjczMC1lY2FhLTExZTYtOGY4OC0zNDM2M2JjN2M0YzAiOnsiY3JlYXRlIjoxMjAwMDAwMDAwMDAwLCJkZWxldGUiOjEyMDAwMDAwMDAwMDAsInVwZGF0ZSI6MTIwMDAwMDAwMDAwMH19",
          "dependencies": [
            "google_project_service.required_apis",
            "module.secret_manager.google_project_service.secretmanager_api"
          ]
        },
        {
          "index_key": "postgres-host",
          "schema_version": 0,
          "attributes": {
            "annotations": {},
            "create_time": "2026-01-05T07:19:57.439862Z",
            "effective_annotations": {},
            "effective_labels": {
              "environment": "dev",
              "managed_by": "terraform",
              "project": "edupulse",
              "team": "platform",
              "terraform": "true"
            },
            "expire_time": "",
            "id": "projects/edupulse-483220/secrets/postgres-host",
            "labels": {
              "environment": "dev",
              "managed_by": "terraform",
              "project": "edupulse",
              "team": "platform",
              "terraform": "true"
            },
            "name": "projects/10560167884/secrets/postgres-host",
            "project": "edupulse-483220",
            "replication": [
              {
                "auto": [
                  {
                    "customer_managed_encryption": []
                  }
                ],
                "user_managed": []
              }
            ],
            "rotation": [],
            "secret_id": "postgres-host",
            "terraform_labels": {
              "environment": "dev",
              "managed_by": "terraform",
              "project": "edupulse",
              "team": "platform",
              "terraform": "true"
            },
            "timeouts": null,
            "topics": [],
            "ttl": null,
            "version_aliases": {},
            "version_destroy_ttl": ""
          },
          "sensitive_attributes": [],
          "identity_schema_version": 0,
          "private": "eyJlMmJmYjczMC1lY2FhLTExZTYtOGY4OC0zNDM2M2JjN2M0YzAiOnsiY3JlYXRlIjoxMjAwMDAwMDAwMDAwLCJkZWxldGUiOjEyMDAwMDAwMDAwMDAsInVwZGF0ZSI6MTIwMDAwMDAwMDAwMH19",
          "dependencies": [
            "google_project_service.required_apis",
            "module.secret_manager.google_project_service.secretmanager_api"
          ]
        },
        {
          "index_key": "postgres-password",
          "schema_version": 0,
          "attributes": {
            "annotations": {},
            "create_time": "2026-01-05T07:19:57.359357Z",
            "effective_annotations": {},
            "effective_labels": {
              "environment": "dev",
              "managed_by": "terraform",
              "project": "edupulse",
              "team": "platform",
              "terraform": "true"
            },
            "expire_time": "",
            "id": "projects/edupulse-483220/secrets/postgres-password",
            "labels": {
              "environment": "dev",
              "managed_by": "terraform",
              "project": "edupulse",
              "team": "platform",
              "terraform": "true"
            },
            "name": "projects/10560167884/secrets/postgres-password",
            "project": "edupulse-483220",
            "replication": [
              {
                "auto": [
                  {
                    "customer_managed_encryption": []
                  }
                ],
                "user_managed": []
              }
            ],
            "rotation": [],
            "secret_id": "postgres-password",
            "terraform_labels": {
              "environment": "dev",
              "managed_by": "terraform",
              "project": "edupulse",
              "team": "platform",
              "terraform": "true"
            },
            "timeouts": null,
            "topics": [],
            "ttl": null,
            "version_aliases": {},
            "version_destroy_ttl": ""
          },
          "sensitive_attributes": [],
          "identity_schema_version": 0,
          "private": "eyJlMmJmYjczMC1lY2FhLTExZTYtOGY4OC0zNDM2M2JjN2M0YzAiOnsiY3JlYXRlIjoxMjAwMDAwMDAwMDAwLCJkZWxldGUiOjEyMDAwMDAwMDAwMDAsInVwZGF0ZSI6MTIwMDAwMDAwMDAwMH19",
          "dependencies": [
            "google_project_service.required_apis",
            "module.secret_manager.google_project_service.secretmanager_api"
          ]
        },
        {
          "index_key": "postgres-user",
          "schema_version": 0,
          "attributes": {
            "annotations": {},
            "create_time": "2026-01-05T07:19:57.387310Z",
            "effective_annotations": {},
            "effective_labels": {
              "environment": "dev",
              "managed_by": "terraform",
              "project": "edupulse",
              "team": "platform",
              "terraform": "true"
            },
            "expire_time": "",
            "id": "projects/edupulse-483220/secrets/postgres-user",
            "labels": {
              "environment": "dev",
              "managed_by": "terraform",
              "project": "edupulse",
              "team": "platform",
              "terraform": "true"
            },
            "name": "projects/10560167884/secrets/postgres-user",
            "project": "edupulse-483220",
            "replication": [
              {
                "auto": [
                  {
                    "customer_managed_encryption": []
                  }
                ],
                "user_managed": []
              }
            ],
            "rotation": [],
            "secret_id": "postgres-user",
            "terraform_labels": {
              "environment": "dev",
              "managed_by": "terraform",
              "project": "edupulse",
              "team": "platform",
              "terraform": "true"
            },
            "timeouts": null,
            "topics": [],
            "ttl": null,
            "version_aliases": {},
            "version_destroy_ttl": ""
          },
          "sensitive_attributes": [],
          "identity_schema_version": 0,
          "private": "eyJlMmJmYjczMC1lY2FhLTExZTYtOGY4OC0zNDM2M2JjN2M0YzAiOnsiY3JlYXRlIjoxMjAwMDAwMDAwMDAwLCJkZWxldGUiOjEyMDAwMDAwMDAwMDAsInVwZGF0ZSI6MTIwMDAwMDAwMDAwMH19",
          "dependencies": [
            "google_project_service.required_apis",
            "module.secret_manager.google_project_service.secretmanager_api"
          ]
        },
        {
          "index_key": "schema-registry-api-key",
          "schema_version": 0,
          "attributes": {
            "annotations": {},
            "create_time": "2026-01-05T07:19:57.443485Z",
            "effective_annotations": {},
            "effective_labels": {
              "environment": "dev",
              "managed_by": "terraform",
              "project": "edupulse",
              "team": "platform",
              "terraform": "true"
            },
            "expire_time": "",
            "id": "projects/edupulse-483220/secrets/schema-registry-api-key",
            "labels": {
              "environment": "dev",
              "managed_by": "terraform",
              "project": "edupulse",
              "team": "platform",
              "terraform": "true"
            },
            "name": "projects/10560167884/secrets/schema-registry-api-key",
            "project": "edupulse-483220",
            "replication": [
              {
                "auto": [
                  {
                    "customer_managed_encryption": []
                  }
                ],
                "user_managed": []
              }
            ],
            "rotation": [],
            "secret_id": "schema-registry-api-key",
            "terraform_labels": {
              "environment": "dev",
              "managed_by": "terraform",
              "project": "edupulse",
              "team": "platform",
              "terraform": "true"
            },
            "timeouts": null,
            "topics": [],
            "ttl": null,
            "version_aliases": {},
            "version_destroy_ttl": ""
          },
          "sensitive_attributes": [],
          "identity_schema_version": 0,
          "private": "eyJlMmJmYjczMC1lY2FhLTExZTYtOGY4OC0zNDM2M2JjN2M0YzAiOnsiY3JlYXRlIjoxMjAwMDAwMDAwMDAwLCJkZWxldGUiOjEyMDAwMDAwMDAwMDAsInVwZGF0ZSI6MTIwMDAwMDAwMDAwMH19",
          "dependencies": [
            "google_project_service.required_apis",
            "module.secret_manager.google_project_service.secretmanager_api"
          ]
        },
        {
          "index_key": "schema-registry-api-secret",
          "schema_version": 0,
          "attributes": {
            "annotations": {},
            "create_time": "2026-01-05T07:19:58.042591Z",
            "effective_annotations": {},
            "effective_labels": {
              "environment": "dev",
              "managed_by": "terraform",
              "project": "edupulse",
              "team": "platform",
              "terraform": "true"
            },
            "expire_time": "",
            "id": "projects/edupulse-483220/secrets/schema-registry-api-secret",
            "labels": {
              "environment": "dev",
              "managed_by": "terraform",
              "project": "edupulse",
              "team": "platform",
              "terraform": "true"
            },
            "name": "projects/10560167884/secrets/schema-registry-api-secret",
            "project": "edupulse-483220",
            "replication": [
              {
                "auto": [
                  {
                    "customer_managed_encryption": []
                  }
                ],
                "user_managed": []
              }
            ],
            "rotation": [],
            "secret_id": "schema-registry-api-secret",
            "terraform_labels": {
              "environment": "dev",
              "managed_by": "terraform",
              "project": "edupulse",
              "team": "platform",
              "terraform": "true"
            },
            "timeouts": null,
            "topics": [],
            "ttl": null,
            "version_aliases": {},
            "version_destroy_ttl": ""
          },
          "sensitive_attributes": [],
          "identity_schema_version": 0,
          "private": "eyJlMmJmYjczMC1lY2FhLTExZTYtOGY4OC0zNDM2M2JjN2M0YzAiOnsiY3JlYXRlIjoxMjAwMDAwMDAwMDAwLCJkZWxldGUiOjEyMDAwMDAwMDAwMDAsInVwZGF0ZSI6MTIwMDAwMDAwMDAwMH19",
          "dependencies": [
            "google_project_service.required_apis",
            "module.secret_manager.google_project_service.secretmanager_api"
          ]
        },
        {
          "index_key": "schema-registry-url",
          "schema_version": 0,
          "attributes": {
            "annotations": {},
            "create_time": "2026-01-05T07:19:58.075576Z",
            "effective_annotations": {},
            "effective_labels": {
              "environment": "dev",
              "managed_by": "terraform",
              "project": "edupulse",
              "team": "platform",
              "terraform": "true"
            },
            "expire_time": "",
            "id": "projects/edupulse-483220/secrets/schema-registry-url",
            "labels": {
              "environment": "dev",
              "managed_by": "terraform",
              "project": "edupulse",
              "team": "platform",
              "terraform": "true"
            },
            "name": "projects/10560167884/secrets/schema-registry-url",
            "project": "edupulse-483220",
            "replication": [
              {
                "auto": [
                  {
                    "customer_managed_encryption": []
                  }
                ],
                "user_managed": []
              }
            ],
            "rotation": [],
            "secret_id": "schema-registry-url",
            "terraform_labels": {
              "environment": "dev",
              "managed_by": "terraform",
              "project": "edupulse",
              "team": "platform",
              "terraform": "true"
            },
            "timeouts": null,
            "topics": [],
            "ttl": null,
            "version_aliases": {},
            "version_destroy_ttl": ""
          },
          "sensitive_attributes": [],
          "identity_schema_version": 0,
          "private": "eyJlMmJmYjczMC1lY2FhLTExZTYtOGY4OC0zNDM2M2JjN2M0YzAiOnsiY3JlYXRlIjoxMjAwMDAwMDAwMDAwLCJkZWxldGUiOjEyMDAwMDAwMDAwMDAsInVwZGF0ZSI6MTIwMDAwMDAwMDAwMH19",
          "dependencies": [
            "google_project_service.required_apis",
            "module.secret_manager.google_project_service.secretmanager_api"
          ]
        }
      ]
    },
    {
      "module": "module.vertex_ai[0]",
      "mode": "data",
      "type": "google_project",
      "name": "project",
      "provider": "provider[\"registry.terraform.io/hashicorp/google\"]",
      "instances": [
        {
          "schema_version": 0,
          "attributes": {
            "auto_create_network": null,
            "billing_account": "0185CE-5244F8-B6237E",
            "deletion_policy": "DELETE",
            "effective_labels": {},
            "folder_id": null,
            "id": "projects/edupulse-483220",
            "labels": {},
            "name": "EduPulse",
            "number": "10560167884",
            "org_id": null,
            "project_id": "edupulse-483220",
            "skip_delete": null,
            "terraform_labels": {}
          },
          "sensitive_attributes": [],
          "identity_schema_version": 0
        }
      ]
    },
    {
      "module": "module.vertex_ai[0]",
      "mode": "managed",
      "type": "google_project_iam_member",
      "name": "vertex_ai_logging",
      "provider": "provider[\"registry.terraform.io/hashicorp/google\"]",
      "instances": [
        {
          "index_key": "quiz-service-sa@edupulse-483220.iam.gserviceaccount.com",
          "schema_version": 0,
          "attributes": {
            "condition": [],
            "etag": "BwZIVd97fc4=",
            "id": "edupulse-483220/roles/logging.logWriter/serviceAccount:quiz-service-sa@edupulse-483220.iam.gserviceaccount.com",
            "member": "serviceAccount:quiz-service-sa@edupulse-483220.iam.gserviceaccount.com",
            "project": "edupulse-483220",
            "role": "roles/logging.logWriter"
          },
          "sensitive_attributes": [],
          "identity_schema_version": 0,
          "private": "bnVsbA==",
          "dependencies": [
            "google_project_service.required_apis",
            "module.iam.google_project_iam_member.artifact_registry_reader",
            "module.iam.google_project_iam_member.custom_roles",
            "module.iam.google_project_iam_member.vertex_ai_prediction",
            "module.iam.google_project_iam_member.vertex_ai_user",
            "module.iam.google_secret_manager_secret_iam_member.secret_access",
            "module.iam.google_service_account.service_accounts",
            "module.iam.google_service_account_iam_member.token_creator",
            "module.iam.google_service_account_iam_member.workload_identity",
            "module.secret_manager.google_project_service.secretmanager_api",
            "module.secret_manager.google_secret_manager_secret.secrets",
            "module.secret_manager.google_secret_manager_secret_iam_member.secret_accessors",
            "module.secret_manager.google_secret_manager_secret_version.secret_versions"
          ]
        }
      ]
    },
    {
      "module": "module.vertex_ai[0]",
      "mode": "managed",
      "type": "google_project_iam_member",
      "name": "vertex_ai_metric_writer",
      "provider": "provider[\"registry.terraform.io/hashicorp/google\"]",
      "instances": [
        {
          "index_key": "quiz-service-sa@edupulse-483220.iam.gserviceaccount.com",
          "schema_version": 0,
          "attributes": {
            "condition": [],
            "etag": "BwZIVd97fc4=",
            "id": "edupulse-483220/roles/monitoring.metricWriter/serviceAccount:quiz-service-sa@edupulse-483220.iam.gserviceaccount.com",
            "member": "serviceAccount:quiz-service-sa@edupulse-483220.iam.gserviceaccount.com",
            "project": "edupulse-483220",
            "role": "roles/monitoring.metricWriter"
          },
          "sensitive_attributes": [],
          "identity_schema_version": 0,
          "private": "bnVsbA==",
          "dependencies": [
            "google_project_service.required_apis",
            "module.iam.google_project_iam_member.artifact_registry_reader",
            "module.iam.google_project_iam_member.custom_roles",
            "module.iam.google_project_iam_member.vertex_ai_prediction",
            "module.iam.google_project_iam_member.vertex_ai_user",
            "module.iam.google_secret_manager_secret_iam_member.secret_access",
            "module.iam.google_service_account.service_accounts",
            "module.iam.google_service_account_iam_member.token_creator",
            "module.iam.google_service_account_iam_member.workload_identity",
            "module.secret_manager.google_project_service.secretmanager_api",
            "module.secret_manager.google_secret_manager_secret.secrets",
            "module.secret_manager.google_secret_manager_secret_iam_member.secret_accessors",
            "module.secret_manager.google_secret_manager_secret_version.secret_versions"
          ]
        }
      ]
    },
    {
      "module": "module.vertex_ai[0]",
      "mode": "managed",
      "type": "google_project_iam_member",
      "name": "vertex_ai_user",
      "provider": "provider[\"registry.terraform.io/hashicorp/google\"]",
      "instances": [
        {
          "index_key": "quiz-service-sa@edupulse-483220.iam.gserviceaccount.com",
          "schema_version": 0,
          "attributes": {
            "condition": [],
            "etag": "BwZIVd97fc4=",
            "id": "edupulse-483220/roles/aiplatform.user/serviceAccount:quiz-service-sa@edupulse-483220.iam.gserviceaccount.com",
            "member": "serviceAccount:quiz-service-sa@edupulse-483220.iam.gserviceaccount.com",
            "project": "edupulse-483220",
            "role": "roles/aiplatform.user"
          },
          "sensitive_attributes": [],
          "identity_schema_version": 0,
          "private": "bnVsbA==",
          "dependencies": [
            "google_project_service.required_apis",
            "module.iam.google_project_iam_member.artifact_registry_reader",
            "module.iam.google_project_iam_member.custom_roles",
            "module.iam.google_project_iam_member.vertex_ai_prediction",
            "module.iam.google_project_iam_member.vertex_ai_user",
            "module.iam.google_secret_manager_secret_iam_member.secret_access",
            "module.iam.google_service_account.service_accounts",
            "module.iam.google_service_account_iam_member.token_creator",
            "module.iam.google_service_account_iam_member.workload_identity",
            "module.secret_manager.google_project_service.secretmanager_api",
            "module.secret_manager.google_secret_manager_secret.secrets",
            "module.secret_manager.google_secret_manager_secret_iam_member.secret_accessors",
            "module.secret_manager.google_secret_manager_secret_version.secret_versions",
            "module.vertex_ai.google_project_service.vertex_ai_apis"
          ]
        }
      ]
    },
    {
      "module": "module.vertex_ai[0]",
      "mode": "managed",
      "type": "google_project_service",
      "name": "vertex_ai_apis",
      "provider": "provider[\"registry.terraform.io/hashicorp/google\"]",
      "instances": [
        {
          "index_key": "aiplatform.googleapis.com",
          "schema_version": 0,
          "attributes": {
            "disable_dependent_services": false,
            "disable_on_destroy": false,
            "id": "edupulse-483220/aiplatform.googleapis.com",
            "project": "edupulse-483220",
            "service": "aiplatform.googleapis.com",
            "timeouts": null
          },
          "sensitive_attributes": [],
          "identity_schema_version": 0,
          "private": "eyJlMmJmYjczMC1lY2FhLTExZTYtOGY4OC0zNDM2M2JjN2M0YzAiOnsiY3JlYXRlIjoxMjAwMDAwMDAwMDAwLCJkZWxldGUiOjEyMDAwMDAwMDAwMDAsInJlYWQiOjYwMDAwMDAwMDAwMCwidXBkYXRlIjoxMjAwMDAwMDAwMDAwfX0=",
          "dependencies": [
            "google_project_service.required_apis",
            "module.iam.google_project_iam_member.artifact_registry_reader",
            "module.iam.google_project_iam_member.custom_roles",
            "module.iam.google_project_iam_member.vertex_ai_prediction",
            "module.iam.google_project_iam_member.vertex_ai_user",
            "module.iam.google_secret_manager_secret_iam_member.secret_access",
            "module.iam.google_service_account.service_accounts",
            "module.iam.google_service_account_iam_member.token_creator",
            "module.iam.google_service_account_iam_member.workload_identity",
            "module.secret_manager.google_project_service.secretmanager_api",
            "module.secret_manager.google_secret_manager_secret.secrets",
            "module.secret_manager.google_secret_manager_secret_iam_member.secret_accessors",
            "module.secret_manager.google_secret_manager_secret_version.secret_versions"
          ]
        },
        {
          "index_key": "notebooks.googleapis.com",
          "schema_version": 0,
          "attributes": {
            "disable_dependent_services": false,
            "disable_on_destroy": false,
            "id": "edupulse-483220/notebooks.googleapis.com",
            "project": "edupulse-483220",
            "service": "notebooks.googleapis.com",
            "timeouts": null
          },
          "sensitive_attributes": [],
          "identity_schema_version": 0,
          "private": "eyJlMmJmYjczMC1lY2FhLTExZTYtOGY4OC0zNDM2M2JjN2M0YzAiOnsiY3JlYXRlIjoxMjAwMDAwMDAwMDAwLCJkZWxldGUiOjEyMDAwMDAwMDAwMDAsInJlYWQiOjYwMDAwMDAwMDAwMCwidXBkYXRlIjoxMjAwMDAwMDAwMDAwfX0=",
          "dependencies": [
            "google_project_service.required_apis",
            "module.iam.google_project_iam_member.artifact_registry_reader",
            "module.iam.google_project_iam_member.custom_roles",
            "module.iam.google_project_iam_member.vertex_ai_prediction",
            "module.iam.google_project_iam_member.vertex_ai_user",
            "module.iam.google_secret_manager_secret_iam_member.secret_access",
            "module.iam.google_service_account.service_accounts",
            "module.iam.google_service_account_iam_member.token_creator",
            "module.iam.google_service_account_iam_member.workload_identity",
            "module.secret_manager.google_project_service.secretmanager_api",
            "module.secret_manager.google_secret_manager_secret.secrets",
            "module.secret_manager.google_secret_manager_secret_iam_member.secret_accessors",
            "module.secret_manager.google_secret_manager_secret_version.secret_versions"
          ]
        }
      ]
    }
  ],
  "check_results": [
    {
      "object_kind": "var",
      "config_addr": "module.cloud_run_services.var.service_account_email",
      "status": "pass",
      "objects": [
        {
          "object_addr": "module.cloud_run_services[\"quiz-service\"].var.service_account_email",
          "status": "pass"
        },
        {
          "object_addr": "module.cloud_run_services[\"engagement-service\"].var.service_account_email",
          "status": "pass"
        }
      ]
    },
    {
      "object_kind": "var",
      "config_addr": "module.cloud_run_services.var.concurrency",
      "status": "pass",
      "objects": [
        {
          "object_addr": "module.cloud_run_services[\"engagement-service\"].var.concurrency",
          "status": "pass"
        },
        {
          "object_addr": "module.cloud_run_services[\"quiz-service\"].var.concurrency",
          "status": "pass"
        }
      ]
    },
    {
      "object_kind": "var",
      "config_addr": "module.cloud_run_services.var.max_instances",
      "status": "pass",
      "objects": [
        {
          "object_addr": "module.cloud_run_services[\"engagement-service\"].var.max_instances",
          "status": "pass"
        },
        {
          "object_addr": "module.cloud_run_services[\"quiz-service\"].var.max_instances",
          "status": "pass"
        }
      ]
    },
    {
      "object_kind": "var",
      "config_addr": "module.artifact_registry.var.repository_id",
      "status": "pass",
      "objects": [
        {
          "object_addr": "module.artifact_registry.var.repository_id",
          "status": "pass"
        }
      ]
    },
    {
      "object_kind": "var",
      "config_addr": "module.cloud_run_services.var.min_instances",
      "status": "pass",
      "objects": [
        {
          "object_addr": "module.cloud_run_services[\"engagement-service\"].var.min_instances",
          "status": "pass"
        },
        {
          "object_addr": "module.cloud_run_services[\"quiz-service\"].var.min_instances",
          "status": "pass"
        }
      ]
    },
    {
      "object_kind": "var",
      "config_addr": "module.vertex_ai.var.service_account_emails",
      "status": "pass",
      "objects": [
        {
          "object_addr": "module.vertex_ai[0].var.service_account_emails",
          "status": "pass"
        }
      ]
    },
    {
      "object_kind": "var",
      "config_addr": "var.vpc_egress_setting",
      "status": "pass",
      "objects": [
        {
          "object_addr": "var.vpc_egress_setting",
          "status": "pass"
        }
      ]
    },
    {
      "object_kind": "var",
      "config_addr": "module.cloud_run_services.var.timeout",
      "status": "pass",
      "objects": [
        {
          "object_addr": "module.cloud_run_services[\"quiz-service\"].var.timeout",
          "status": "pass"
        },
        {
          "object_addr": "module.cloud_run_services[\"engagement-service\"].var.timeout",
          "status": "pass"
        }
      ]
    },
    {
      "object_kind": "var",
      "config_addr": "module.cloud_run_services.var.memory",
      "status": "pass",
      "objects": [
        {
          "object_addr": "module.cloud_run_services[\"engagement-service\"].var.memory",
          "status": "pass"
        },
        {
          "object_addr": "module.cloud_run_services[\"quiz-service\"].var.memory",
          "status": "pass"
        }
      ]
    },
    {
      "object_kind": "var",
      "config_addr": "module.cloud_run_services.var.service_name",
      "status": "pass",
      "objects": [
        {
          "object_addr": "module.cloud_run_services[\"quiz-service\"].var.service_name",
          "status": "pass"
        },
        {
          "object_addr": "module.cloud_run_services[\"engagement-service\"].var.service_name",
          "status": "pass"
        }
      ]
    },
    {
      "object_kind": "var",
      "config_addr": "module.secret_manager.var.replication_locations",
      "status": "pass",
      "objects": [
        {
          "object_addr": "module.secret_manager.var.replication_locations",
          "status": "pass"
        }
      ]
    },
    {
      "object_kind": "var",
      "config_addr": "module.cloud_run_services.var.ingress",
      "status": "pass",
      "objects": [
        {
          "object_addr": "module.cloud_run_services[\"quiz-service\"].var.ingress",
          "status": "pass"
        },
        {
          "object_addr": "module.cloud_run_services[\"engagement-service\"].var.ingress",
          "status": "pass"
        }
      ]
    },
    {
      "object_kind": "var",
      "config_addr": "module.cloud_run_services.var.vpc_egress_setting",
      "status": "pass",
      "objects": [
        {
          "object_addr": "module.cloud_run_services[\"engagement-service\"].var.vpc_egress_setting",
          "status": "pass"
        },
        {
          "object_addr": "module.cloud_run_services[\"quiz-service\"].var.vpc_egress_setting",
          "status": "pass"
        }
      ]
    },
    {
      "object_kind": "var",
      "config_addr": "module.cloud_run_services.var.cpu",
      "status": "pass",
      "objects": [
        {
          "object_addr": "module.cloud_run_services[\"quiz-service\"].var.cpu",
          "status": "pass"
        },
        {
          "object_addr": "module.cloud_run_services[\"engagement-service\"].var.cpu",
          "status": "pass"
        }
      ]
    },
    {
      "object_kind": "var",
      "config_addr": "module.secret_manager.var.replication_policy",
      "status": "pass",
      "objects": [
        {
          "object_addr": "module.secret_manager.var.replication_policy",
          "status": "pass"
        }
      ]
    },
    {
      "object_kind": "var",
      "config_addr": "module.secret_manager.var.secrets",
      "status": "pass",
      "objects": [
        {
          "object_addr": "module.secret_manager.var.secrets",
          "status": "pass"
        }
      ]
    },
    {
      "object_kind": "var",
      "config_addr": "var.environment",
      "status": "pass",
      "objects": [
        {
          "object_addr": "var.environment",
          "status": "pass"
        }
      ]
    },
    {
      "object_kind": "var",
      "config_addr": "module.iam.var.services",
      "status": "pass",
      "objects": [
        {
          "object_addr": "module.iam.var.services",
          "status": "pass"
        }
      ]
    },
    {
      "object_kind": "var",
      "config_addr": "module.cloud_run_services.var.port",
      "status": "pass",
      "objects": [
        {
          "object_addr": "module.cloud_run_services[\"quiz-service\"].var.port",
          "status": "pass"
        },
        {
          "object_addr": "module.cloud_run_services[\"engagement-service\"].var.port",
          "status": "pass"
        }
      ]
    }
  ]
}
